// !$*UTF8*$!
{
	archiveVersion = 1;
	classes = {
	};
	objectVersion = 46;
	objects = {

/* Begin PBXBuildFile section */
		101B526E1D2CB4620078B950 /* main.m in Sources */ = {isa = PBXBuildFile; fileRef = 101B526D1D2CB4620078B950 /* main.m */; };
		101B52711D2CB4620078B950 /* AppDelegate.m in Sources */ = {isa = PBXBuildFile; fileRef = 101B52701D2CB4620078B950 /* AppDelegate.m */; };
		101B52741D2CB4620078B950 /* ViewController.m in Sources */ = {isa = PBXBuildFile; fileRef = 101B52731D2CB4620078B950 /* ViewController.m */; };
		101B52771D2CB4620078B950 /* Main.storyboard in Resources */ = {isa = PBXBuildFile; fileRef = 101B52751D2CB4620078B950 /* Main.storyboard */; };
		101B52791D2CB4620078B950 /* Assets.xcassets in Resources */ = {isa = PBXBuildFile; fileRef = 101B52781D2CB4620078B950 /* Assets.xcassets */; };
		101B527C1D2CB4620078B950 /* LaunchScreen.storyboard in Resources */ = {isa = PBXBuildFile; fileRef = 101B527A1D2CB4620078B950 /* LaunchScreen.storyboard */; };
		101B52871D2CED3A0078B950 /* UIView+Extension.m in Sources */ = {isa = PBXBuildFile; fileRef = 101B52861D2CED3A0078B950 /* UIView+Extension.m */; };
		102DF3451D3729C200C545D7 /* main.m in Sources */ = {isa = PBXBuildFile; fileRef = 102DF3441D3729C200C545D7 /* main.m */; };
		102DF3481D3729C200C545D7 /* AppDelegate.m in Sources */ = {isa = PBXBuildFile; fileRef = 102DF3471D3729C200C545D7 /* AppDelegate.m */; };
		102DF34B1D3729C200C545D7 /* ViewController.m in Sources */ = {isa = PBXBuildFile; fileRef = 102DF34A1D3729C200C545D7 /* ViewController.m */; };
		102DF34E1D3729C200C545D7 /* Main.storyboard in Resources */ = {isa = PBXBuildFile; fileRef = 102DF34C1D3729C200C545D7 /* Main.storyboard */; };
		102DF3531D3729C200C545D7 /* LaunchScreen.storyboard in Resources */ = {isa = PBXBuildFile; fileRef = 102DF3511D3729C200C545D7 /* LaunchScreen.storyboard */; };
		102DF35A1D3776E700C545D7 /* HorizontalItemList.m in Sources */ = {isa = PBXBuildFile; fileRef = 102DF3591D3776E700C545D7 /* HorizontalItemList.m */; };
		102DF3651D37B2C400C545D7 /* main.m in Sources */ = {isa = PBXBuildFile; fileRef = 102DF3641D37B2C400C545D7 /* main.m */; };
		102DF3681D37B2C400C545D7 /* AppDelegate.m in Sources */ = {isa = PBXBuildFile; fileRef = 102DF3671D37B2C400C545D7 /* AppDelegate.m */; };
		102DF36B1D37B2C400C545D7 /* ViewController.m in Sources */ = {isa = PBXBuildFile; fileRef = 102DF36A1D37B2C400C545D7 /* ViewController.m */; };
		102DF36E1D37B2C400C545D7 /* Main.storyboard in Resources */ = {isa = PBXBuildFile; fileRef = 102DF36C1D37B2C400C545D7 /* Main.storyboard */; };
		102DF3701D37B2C400C545D7 /* Assets.xcassets in Resources */ = {isa = PBXBuildFile; fileRef = 102DF36F1D37B2C400C545D7 /* Assets.xcassets */; };
		102DF3731D37B2C400C545D7 /* LaunchScreen.storyboard in Resources */ = {isa = PBXBuildFile; fileRef = 102DF3711D37B2C400C545D7 /* LaunchScreen.storyboard */; };
		102DF37B1D38707400C545D7 /* UIView+Extension.m in Sources */ = {isa = PBXBuildFile; fileRef = 102DF37A1D38707400C545D7 /* UIView+Extension.m */; };
		103168021D484E4500F4DF33 /* Assets.xcassets in Resources */ = {isa = PBXBuildFile; fileRef = 10DAED0C1D4849E000B6C00D /* Assets.xcassets */; };
		1031680B1D484EC900F4DF33 /* main.m in Sources */ = {isa = PBXBuildFile; fileRef = 1031680A1D484EC900F4DF33 /* main.m */; };
		1031680E1D484EC900F4DF33 /* AppDelegate.m in Sources */ = {isa = PBXBuildFile; fileRef = 1031680D1D484EC900F4DF33 /* AppDelegate.m */; };
		103168141D484EC900F4DF33 /* Main.storyboard in Resources */ = {isa = PBXBuildFile; fileRef = 103168121D484EC900F4DF33 /* Main.storyboard */; };
		103168161D484EC900F4DF33 /* Assets.xcassets in Resources */ = {isa = PBXBuildFile; fileRef = 103168151D484EC900F4DF33 /* Assets.xcassets */; };
		103168191D484EC900F4DF33 /* LaunchScreen.storyboard in Resources */ = {isa = PBXBuildFile; fileRef = 103168171D484EC900F4DF33 /* LaunchScreen.storyboard */; };
		103168201D484F8A00F4DF33 /* GalleryViewController.m in Sources */ = {isa = PBXBuildFile; fileRef = 1031681F1D484F8A00F4DF33 /* GalleryViewController.m */; };
		103168231D484FD400F4DF33 /* ImageViewCard.m in Sources */ = {isa = PBXBuildFile; fileRef = 103168221D484FD400F4DF33 /* ImageViewCard.m */; };
		104622BE1D351A9F005773E5 /* main.m in Sources */ = {isa = PBXBuildFile; fileRef = 104622BD1D351A9F005773E5 /* main.m */; };
		104622C11D351A9F005773E5 /* AppDelegate.m in Sources */ = {isa = PBXBuildFile; fileRef = 104622C01D351A9F005773E5 /* AppDelegate.m */; };
		104622C41D351A9F005773E5 /* ViewController.m in Sources */ = {isa = PBXBuildFile; fileRef = 104622C31D351A9F005773E5 /* ViewController.m */; };
		104622C71D351A9F005773E5 /* Main.storyboard in Resources */ = {isa = PBXBuildFile; fileRef = 104622C51D351A9F005773E5 /* Main.storyboard */; };
		104622C91D351A9F005773E5 /* Assets.xcassets in Resources */ = {isa = PBXBuildFile; fileRef = 104622C81D351A9F005773E5 /* Assets.xcassets */; };
		104622CC1D351A9F005773E5 /* LaunchScreen.storyboard in Resources */ = {isa = PBXBuildFile; fileRef = 104622CA1D351A9F005773E5 /* LaunchScreen.storyboard */; };
		104622D41D35CD7B005773E5 /* SnowView.m in Sources */ = {isa = PBXBuildFile; fileRef = 104622D31D35CD7B005773E5 /* SnowView.m */; };
		104622D71D35D348005773E5 /* UIView+Extension.m in Sources */ = {isa = PBXBuildFile; fileRef = 104622D61D35D348005773E5 /* UIView+Extension.m */; };
		105659C71D38B7DC00535C35 /* main.m in Sources */ = {isa = PBXBuildFile; fileRef = 105659C61D38B7DC00535C35 /* main.m */; };
		105659DC1D38B82600535C35 /* ViewController.m in Sources */ = {isa = PBXBuildFile; fileRef = 105659DB1D38B82600535C35 /* ViewController.m */; };
		105659DF1D38B88C00535C35 /* AppDelegate.m in Sources */ = {isa = PBXBuildFile; fileRef = 105659DE1D38B88C00535C35 /* AppDelegate.m */; };
		105659E91D38B89800535C35 /* Assets.xcassets in Resources */ = {isa = PBXBuildFile; fileRef = 105659E01D38B89800535C35 /* Assets.xcassets */; };
		105659EA1D38B89800535C35 /* LaunchScreen.storyboard in Resources */ = {isa = PBXBuildFile; fileRef = 105659E21D38B89800535C35 /* LaunchScreen.storyboard */; };
		105659EB1D38B89800535C35 /* Main.storyboard in Resources */ = {isa = PBXBuildFile; fileRef = 105659E41D38B89800535C35 /* Main.storyboard */; };
		105659EC1D38B89800535C35 /* UIView+Extension.m in Sources */ = {isa = PBXBuildFile; fileRef = 105659E81D38B89800535C35 /* UIView+Extension.m */; };
		1065EFA31D3CB02C008FA045 /* main.m in Sources */ = {isa = PBXBuildFile; fileRef = 1065EFA21D3CB02C008FA045 /* main.m */; };
		1065EFA61D3CB02C008FA045 /* AppDelegate.m in Sources */ = {isa = PBXBuildFile; fileRef = 1065EFA51D3CB02C008FA045 /* AppDelegate.m */; };
		1065EFA91D3CB02C008FA045 /* ViewController.m in Sources */ = {isa = PBXBuildFile; fileRef = 1065EFA81D3CB02C008FA045 /* ViewController.m */; };
		1065EFAC1D3CB02C008FA045 /* Main.storyboard in Resources */ = {isa = PBXBuildFile; fileRef = 1065EFAA1D3CB02C008FA045 /* Main.storyboard */; };
		1065EFAE1D3CB02C008FA045 /* Assets.xcassets in Resources */ = {isa = PBXBuildFile; fileRef = 1065EFAD1D3CB02C008FA045 /* Assets.xcassets */; };
		1065EFB11D3CB02C008FA045 /* LaunchScreen.storyboard in Resources */ = {isa = PBXBuildFile; fileRef = 1065EFAF1D3CB02C008FA045 /* LaunchScreen.storyboard */; };
		1065EFB81D3CB286008FA045 /* AnimatedMaskLabel.m in Sources */ = {isa = PBXBuildFile; fileRef = 1065EFB71D3CB286008FA045 /* AnimatedMaskLabel.m */; };
		1065EFBD1D3CE721008FA045 /* UIView+Extension.m in Sources */ = {isa = PBXBuildFile; fileRef = 1065EFBC1D3CE721008FA045 /* UIView+Extension.m */; };
		1065EFC61D3CF663008FA045 /* main.m in Sources */ = {isa = PBXBuildFile; fileRef = 1065EFC51D3CF663008FA045 /* main.m */; };
		1065EFD11D3CF663008FA045 /* Assets.xcassets in Resources */ = {isa = PBXBuildFile; fileRef = 1065EFD01D3CF663008FA045 /* Assets.xcassets */; };
		1065EFD41D3CF663008FA045 /* LaunchScreen.storyboard in Resources */ = {isa = PBXBuildFile; fileRef = 1065EFD21D3CF663008FA045 /* LaunchScreen.storyboard */; };
		1065EFDB1D3CF68E008FA045 /* AppDelegate.m in Sources */ = {isa = PBXBuildFile; fileRef = 1065EFDA1D3CF68E008FA045 /* AppDelegate.m */; };
		1065EFE31D3CF6AB008FA045 /* Main.storyboard in Resources */ = {isa = PBXBuildFile; fileRef = 1065EFE21D3CF6AB008FA045 /* Main.storyboard */; };
		106B73F51D45A06A00746FD3 /* HamburgerView.m in Sources */ = {isa = PBXBuildFile; fileRef = 106B73F41D45A06A00746FD3 /* HamburgerView.m */; };
		10EB30431D3E21C80006B89B /* VacationTableViewController.m in Sources */ = {isa = PBXBuildFile; fileRef = 10EB30421D3E21C80006B89B /* VacationTableViewController.m */; };
		10EB30501D3E388A0006B89B /* RefreshView.m in Sources */ = {isa = PBXBuildFile; fileRef = 10EB304F1D3E388A0006B89B /* RefreshView.m */; };
		10EB305B1D406BA40006B89B /* main.m in Sources */ = {isa = PBXBuildFile; fileRef = 10EB305A1D406BA40006B89B /* main.m */; };
		10EB305E1D406BA40006B89B /* AppDelegate.m in Sources */ = {isa = PBXBuildFile; fileRef = 10EB305D1D406BA40006B89B /* AppDelegate.m */; };
		10EB30641D406BA50006B89B /* Main.storyboard in Resources */ = {isa = PBXBuildFile; fileRef = 10EB30621D406BA50006B89B /* Main.storyboard */; };
		10EB30661D406BA50006B89B /* Assets.xcassets in Resources */ = {isa = PBXBuildFile; fileRef = 10EB30651D406BA50006B89B /* Assets.xcassets */; };
		10EB30691D406BA50006B89B /* LaunchScreen.storyboard in Resources */ = {isa = PBXBuildFile; fileRef = 10EB30671D406BA50006B89B /* LaunchScreen.storyboard */; };
		10EB30701D406C450006B89B /* ContainerViewController.m in Sources */ = {isa = PBXBuildFile; fileRef = 10EB306F1D406C450006B89B /* ContainerViewController.m */; };
		10FD60B81D35137F00543902 /* PracticeAnimViewController.m in Sources */ = {isa = PBXBuildFile; fileRef = 10FD60B71D35137F00543902 /* PracticeAnimViewController.m */; };
		3C49B1581D44B9BC00F5FB58 /* MenuViewController.m in Sources */ = {isa = PBXBuildFile; fileRef = 3C49B1571D44B9BC00F5FB58 /* MenuViewController.m */; };
		3C49B15B1D44BAED00F5FB58 /* DetailViewController.m in Sources */ = {isa = PBXBuildFile; fileRef = 3C49B15A1D44BAED00F5FB58 /* DetailViewController.m */; };
		3C49B15D1D44BCF000F5FB58 /* MenuItems.plist in Resources */ = {isa = PBXBuildFile; fileRef = 3C49B15C1D44BCF000F5FB58 /* MenuItems.plist */; };
		3C49B1611D44C3FE00F5FB58 /* MenuItemCell.m in Sources */ = {isa = PBXBuildFile; fileRef = 3C49B1601D44C3FE00F5FB58 /* MenuItemCell.m */; };
		3C49B1641D44C6A000F5FB58 /* UIColor+Extension.m in Sources */ = {isa = PBXBuildFile; fileRef = 3C49B1631D44C6A000F5FB58 /* UIColor+Extension.m */; };
		3CD8F5451D3A297700DCBEA7 /* main.m in Sources */ = {isa = PBXBuildFile; fileRef = 3CD8F5441D3A297700DCBEA7 /* main.m */; };
		3CD8F5481D3A297700DCBEA7 /* AppDelegate.m in Sources */ = {isa = PBXBuildFile; fileRef = 3CD8F5471D3A297700DCBEA7 /* AppDelegate.m */; };
		3CD8F54B1D3A297700DCBEA7 /* ViewController.m in Sources */ = {isa = PBXBuildFile; fileRef = 3CD8F54A1D3A297700DCBEA7 /* ViewController.m */; };
		3CD8F54E1D3A297700DCBEA7 /* Main.storyboard in Resources */ = {isa = PBXBuildFile; fileRef = 3CD8F54C1D3A297700DCBEA7 /* Main.storyboard */; };
		3CD8F5501D3A297700DCBEA7 /* Assets.xcassets in Resources */ = {isa = PBXBuildFile; fileRef = 3CD8F54F1D3A297700DCBEA7 /* Assets.xcassets */; };
		3CD8F5531D3A297700DCBEA7 /* LaunchScreen.storyboard in Resources */ = {isa = PBXBuildFile; fileRef = 3CD8F5511D3A297700DCBEA7 /* LaunchScreen.storyboard */; };
		3CD8F55A1D3A644D00DCBEA7 /* AvatarView.m in Sources */ = {isa = PBXBuildFile; fileRef = 3CD8F5591D3A644D00DCBEA7 /* AvatarView.m */; };
/* End PBXBuildFile section */

/* Begin PBXFileReference section */
		101B52691D2CB4620078B950 /* bahama.app */ = {isa = PBXFileReference; explicitFileType = wrapper.application; includeInIndex = 0; path = bahama.app; sourceTree = BUILT_PRODUCTS_DIR; };
		101B526D1D2CB4620078B950 /* main.m */ = {isa = PBXFileReference; lastKnownFileType = sourcecode.c.objc; path = main.m; sourceTree = "<group>"; };
		101B526F1D2CB4620078B950 /* AppDelegate.h */ = {isa = PBXFileReference; lastKnownFileType = sourcecode.c.h; path = AppDelegate.h; sourceTree = "<group>"; };
		101B52701D2CB4620078B950 /* AppDelegate.m */ = {isa = PBXFileReference; lastKnownFileType = sourcecode.c.objc; path = AppDelegate.m; sourceTree = "<group>"; };
		101B52721D2CB4620078B950 /* ViewController.h */ = {isa = PBXFileReference; lastKnownFileType = sourcecode.c.h; path = ViewController.h; sourceTree = "<group>"; };
		101B52731D2CB4620078B950 /* ViewController.m */ = {isa = PBXFileReference; lastKnownFileType = sourcecode.c.objc; path = ViewController.m; sourceTree = "<group>"; };
		101B52761D2CB4620078B950 /* Base */ = {isa = PBXFileReference; lastKnownFileType = file.storyboard; name = Base; path = Base.lproj/Main.storyboard; sourceTree = "<group>"; };
		101B52781D2CB4620078B950 /* Assets.xcassets */ = {isa = PBXFileReference; lastKnownFileType = folder.assetcatalog; path = Assets.xcassets; sourceTree = "<group>"; };
		101B527B1D2CB4620078B950 /* Base */ = {isa = PBXFileReference; lastKnownFileType = file.storyboard; name = Base; path = Base.lproj/LaunchScreen.storyboard; sourceTree = "<group>"; };
		101B527D1D2CB4620078B950 /* Info.plist */ = {isa = PBXFileReference; lastKnownFileType = text.plist.xml; path = Info.plist; sourceTree = "<group>"; };
		101B52851D2CED3A0078B950 /* UIView+Extension.h */ = {isa = PBXFileReference; fileEncoding = 4; lastKnownFileType = sourcecode.c.h; path = "UIView+Extension.h"; sourceTree = "<group>"; };
		101B52861D2CED3A0078B950 /* UIView+Extension.m */ = {isa = PBXFileReference; fileEncoding = 4; lastKnownFileType = sourcecode.c.objc; path = "UIView+Extension.m"; sourceTree = "<group>"; };
		102DF3411D3729C200C545D7 /* Chapter_6_PackingList.app */ = {isa = PBXFileReference; explicitFileType = wrapper.application; includeInIndex = 0; path = Chapter_6_PackingList.app; sourceTree = BUILT_PRODUCTS_DIR; };
		102DF3441D3729C200C545D7 /* main.m */ = {isa = PBXFileReference; lastKnownFileType = sourcecode.c.objc; path = main.m; sourceTree = "<group>"; };
		102DF3461D3729C200C545D7 /* AppDelegate.h */ = {isa = PBXFileReference; lastKnownFileType = sourcecode.c.h; path = AppDelegate.h; sourceTree = "<group>"; };
		102DF3471D3729C200C545D7 /* AppDelegate.m */ = {isa = PBXFileReference; lastKnownFileType = sourcecode.c.objc; path = AppDelegate.m; sourceTree = "<group>"; };
		102DF3491D3729C200C545D7 /* ViewController.h */ = {isa = PBXFileReference; lastKnownFileType = sourcecode.c.h; path = ViewController.h; sourceTree = "<group>"; };
		102DF34A1D3729C200C545D7 /* ViewController.m */ = {isa = PBXFileReference; lastKnownFileType = sourcecode.c.objc; path = ViewController.m; sourceTree = "<group>"; };
		102DF34D1D3729C200C545D7 /* Base */ = {isa = PBXFileReference; lastKnownFileType = file.storyboard; name = Base; path = Base.lproj/Main.storyboard; sourceTree = "<group>"; };
		102DF3521D3729C200C545D7 /* Base */ = {isa = PBXFileReference; lastKnownFileType = file.storyboard; name = Base; path = Base.lproj/LaunchScreen.storyboard; sourceTree = "<group>"; };
		102DF3541D3729C200C545D7 /* Info.plist */ = {isa = PBXFileReference; lastKnownFileType = text.plist.xml; path = Info.plist; sourceTree = "<group>"; };
		102DF3581D3776E700C545D7 /* HorizontalItemList.h */ = {isa = PBXFileReference; fileEncoding = 4; lastKnownFileType = sourcecode.c.h; path = HorizontalItemList.h; sourceTree = "<group>"; };
		102DF3591D3776E700C545D7 /* HorizontalItemList.m */ = {isa = PBXFileReference; fileEncoding = 4; lastKnownFileType = sourcecode.c.objc; path = HorizontalItemList.m; sourceTree = "<group>"; };
		102DF3611D37B2C400C545D7 /* Chapter8_Layer.app */ = {isa = PBXFileReference; explicitFileType = wrapper.application; includeInIndex = 0; path = Chapter8_Layer.app; sourceTree = BUILT_PRODUCTS_DIR; };
		102DF3641D37B2C400C545D7 /* main.m */ = {isa = PBXFileReference; lastKnownFileType = sourcecode.c.objc; path = main.m; sourceTree = "<group>"; };
		102DF3661D37B2C400C545D7 /* AppDelegate.h */ = {isa = PBXFileReference; lastKnownFileType = sourcecode.c.h; path = AppDelegate.h; sourceTree = "<group>"; };
		102DF3671D37B2C400C545D7 /* AppDelegate.m */ = {isa = PBXFileReference; lastKnownFileType = sourcecode.c.objc; path = AppDelegate.m; sourceTree = "<group>"; };
		102DF3691D37B2C400C545D7 /* ViewController.h */ = {isa = PBXFileReference; lastKnownFileType = sourcecode.c.h; path = ViewController.h; sourceTree = "<group>"; };
		102DF36A1D37B2C400C545D7 /* ViewController.m */ = {isa = PBXFileReference; lastKnownFileType = sourcecode.c.objc; path = ViewController.m; sourceTree = "<group>"; };
		102DF36D1D37B2C400C545D7 /* Base */ = {isa = PBXFileReference; lastKnownFileType = file.storyboard; name = Base; path = Base.lproj/Main.storyboard; sourceTree = "<group>"; };
		102DF36F1D37B2C400C545D7 /* Assets.xcassets */ = {isa = PBXFileReference; lastKnownFileType = folder.assetcatalog; path = Assets.xcassets; sourceTree = "<group>"; };
		102DF3721D37B2C400C545D7 /* Base */ = {isa = PBXFileReference; lastKnownFileType = file.storyboard; name = Base; path = Base.lproj/LaunchScreen.storyboard; sourceTree = "<group>"; };
		102DF3741D37B2C400C545D7 /* Info.plist */ = {isa = PBXFileReference; lastKnownFileType = text.plist.xml; path = Info.plist; sourceTree = "<group>"; };
		102DF3791D38707400C545D7 /* UIView+Extension.h */ = {isa = PBXFileReference; fileEncoding = 4; lastKnownFileType = sourcecode.c.h; path = "UIView+Extension.h"; sourceTree = "<group>"; };
		102DF37A1D38707400C545D7 /* UIView+Extension.m */ = {isa = PBXFileReference; fileEncoding = 4; lastKnownFileType = sourcecode.c.objc; path = "UIView+Extension.m"; sourceTree = "<group>"; };
		103168071D484EC900F4DF33 /* Chapter_16_Inter3D_Animations.app */ = {isa = PBXFileReference; explicitFileType = wrapper.application; includeInIndex = 0; path = Chapter_16_Inter3D_Animations.app; sourceTree = BUILT_PRODUCTS_DIR; };
		1031680A1D484EC900F4DF33 /* main.m */ = {isa = PBXFileReference; lastKnownFileType = sourcecode.c.objc; path = main.m; sourceTree = "<group>"; };
		1031680C1D484EC900F4DF33 /* AppDelegate.h */ = {isa = PBXFileReference; lastKnownFileType = sourcecode.c.h; path = AppDelegate.h; sourceTree = "<group>"; };
		1031680D1D484EC900F4DF33 /* AppDelegate.m */ = {isa = PBXFileReference; lastKnownFileType = sourcecode.c.objc; path = AppDelegate.m; sourceTree = "<group>"; };
		103168131D484EC900F4DF33 /* Base */ = {isa = PBXFileReference; lastKnownFileType = file.storyboard; name = Base; path = Base.lproj/Main.storyboard; sourceTree = "<group>"; };
		103168151D484EC900F4DF33 /* Assets.xcassets */ = {isa = PBXFileReference; lastKnownFileType = folder.assetcatalog; path = Assets.xcassets; sourceTree = "<group>"; };
		103168181D484EC900F4DF33 /* Base */ = {isa = PBXFileReference; lastKnownFileType = file.storyboard; name = Base; path = Base.lproj/LaunchScreen.storyboard; sourceTree = "<group>"; };
		1031681A1D484EC900F4DF33 /* Info.plist */ = {isa = PBXFileReference; lastKnownFileType = text.plist.xml; path = Info.plist; sourceTree = "<group>"; };
		1031681E1D484F8A00F4DF33 /* GalleryViewController.h */ = {isa = PBXFileReference; fileEncoding = 4; lastKnownFileType = sourcecode.c.h; path = GalleryViewController.h; sourceTree = "<group>"; };
		1031681F1D484F8A00F4DF33 /* GalleryViewController.m */ = {isa = PBXFileReference; fileEncoding = 4; lastKnownFileType = sourcecode.c.objc; path = GalleryViewController.m; sourceTree = "<group>"; };
		103168211D484FD400F4DF33 /* ImageViewCard.h */ = {isa = PBXFileReference; fileEncoding = 4; lastKnownFileType = sourcecode.c.h; path = ImageViewCard.h; sourceTree = "<group>"; };
		103168221D484FD400F4DF33 /* ImageViewCard.m */ = {isa = PBXFileReference; fileEncoding = 4; lastKnownFileType = sourcecode.c.objc; path = ImageViewCard.m; sourceTree = "<group>"; };
		104622BA1D351A9F005773E5 /* Chapter4_AnimPractice.app */ = {isa = PBXFileReference; explicitFileType = wrapper.application; includeInIndex = 0; path = Chapter4_AnimPractice.app; sourceTree = BUILT_PRODUCTS_DIR; };
		104622BD1D351A9F005773E5 /* main.m */ = {isa = PBXFileReference; lastKnownFileType = sourcecode.c.objc; path = main.m; sourceTree = "<group>"; };
		104622BF1D351A9F005773E5 /* AppDelegate.h */ = {isa = PBXFileReference; lastKnownFileType = sourcecode.c.h; path = AppDelegate.h; sourceTree = "<group>"; };
		104622C01D351A9F005773E5 /* AppDelegate.m */ = {isa = PBXFileReference; lastKnownFileType = sourcecode.c.objc; path = AppDelegate.m; sourceTree = "<group>"; };
		104622C21D351A9F005773E5 /* ViewController.h */ = {isa = PBXFileReference; lastKnownFileType = sourcecode.c.h; path = ViewController.h; sourceTree = "<group>"; };
		104622C31D351A9F005773E5 /* ViewController.m */ = {isa = PBXFileReference; lastKnownFileType = sourcecode.c.objc; path = ViewController.m; sourceTree = "<group>"; };
		104622C61D351A9F005773E5 /* Base */ = {isa = PBXFileReference; lastKnownFileType = file.storyboard; name = Base; path = Base.lproj/Main.storyboard; sourceTree = "<group>"; };
		104622C81D351A9F005773E5 /* Assets.xcassets */ = {isa = PBXFileReference; lastKnownFileType = folder.assetcatalog; path = Assets.xcassets; sourceTree = "<group>"; };
		104622CB1D351A9F005773E5 /* Base */ = {isa = PBXFileReference; lastKnownFileType = file.storyboard; name = Base; path = Base.lproj/LaunchScreen.storyboard; sourceTree = "<group>"; };
		104622CD1D351A9F005773E5 /* Info.plist */ = {isa = PBXFileReference; lastKnownFileType = text.plist.xml; path = Info.plist; sourceTree = "<group>"; };
		104622D21D35CD7B005773E5 /* SnowView.h */ = {isa = PBXFileReference; fileEncoding = 4; lastKnownFileType = sourcecode.c.h; path = SnowView.h; sourceTree = "<group>"; };
		104622D31D35CD7B005773E5 /* SnowView.m */ = {isa = PBXFileReference; fileEncoding = 4; lastKnownFileType = sourcecode.c.objc; path = SnowView.m; sourceTree = "<group>"; };
		104622D51D35D348005773E5 /* UIView+Extension.h */ = {isa = PBXFileReference; fileEncoding = 4; lastKnownFileType = sourcecode.c.h; path = "UIView+Extension.h"; sourceTree = "<group>"; };
		104622D61D35D348005773E5 /* UIView+Extension.m */ = {isa = PBXFileReference; fileEncoding = 4; lastKnownFileType = sourcecode.c.objc; path = "UIView+Extension.m"; sourceTree = "<group>"; };
		105659C31D38B7DC00535C35 /* Chapter_1_3_Bahama.app */ = {isa = PBXFileReference; explicitFileType = wrapper.application; includeInIndex = 0; path = Chapter_1_3_Bahama.app; sourceTree = BUILT_PRODUCTS_DIR; };
		105659C61D38B7DC00535C35 /* main.m */ = {isa = PBXFileReference; lastKnownFileType = sourcecode.c.objc; path = main.m; sourceTree = "<group>"; };
		105659D61D38B7DC00535C35 /* Info.plist */ = {isa = PBXFileReference; lastKnownFileType = text.plist.xml; path = Info.plist; sourceTree = "<group>"; };
		105659DA1D38B82600535C35 /* ViewController.h */ = {isa = PBXFileReference; fileEncoding = 4; lastKnownFileType = sourcecode.c.h; path = ViewController.h; sourceTree = "<group>"; };
		105659DB1D38B82600535C35 /* ViewController.m */ = {isa = PBXFileReference; fileEncoding = 4; lastKnownFileType = sourcecode.c.objc; path = ViewController.m; sourceTree = "<group>"; };
		105659DD1D38B88C00535C35 /* AppDelegate.h */ = {isa = PBXFileReference; fileEncoding = 4; lastKnownFileType = sourcecode.c.h; path = AppDelegate.h; sourceTree = "<group>"; };
		105659DE1D38B88C00535C35 /* AppDelegate.m */ = {isa = PBXFileReference; fileEncoding = 4; lastKnownFileType = sourcecode.c.objc; path = AppDelegate.m; sourceTree = "<group>"; };
		105659E01D38B89800535C35 /* Assets.xcassets */ = {isa = PBXFileReference; lastKnownFileType = folder.assetcatalog; path = Assets.xcassets; sourceTree = "<group>"; };
		105659E31D38B89800535C35 /* Base */ = {isa = PBXFileReference; lastKnownFileType = file.storyboard; name = Base; path = LaunchScreen.storyboard; sourceTree = "<group>"; };
		105659E51D38B89800535C35 /* Base */ = {isa = PBXFileReference; lastKnownFileType = file.storyboard; name = Base; path = Main.storyboard; sourceTree = "<group>"; };
		105659E71D38B89800535C35 /* UIView+Extension.h */ = {isa = PBXFileReference; fileEncoding = 4; lastKnownFileType = sourcecode.c.h; path = "UIView+Extension.h"; sourceTree = "<group>"; };
		105659E81D38B89800535C35 /* UIView+Extension.m */ = {isa = PBXFileReference; fileEncoding = 4; lastKnownFileType = sourcecode.c.objc; path = "UIView+Extension.m"; sourceTree = "<group>"; };
		1065EF9F1D3CB02C008FA045 /* Chapter_13_SlideToReveal.app */ = {isa = PBXFileReference; explicitFileType = wrapper.application; includeInIndex = 0; path = Chapter_13_SlideToReveal.app; sourceTree = BUILT_PRODUCTS_DIR; };
		1065EFA21D3CB02C008FA045 /* main.m */ = {isa = PBXFileReference; lastKnownFileType = sourcecode.c.objc; path = main.m; sourceTree = "<group>"; };
		1065EFA41D3CB02C008FA045 /* AppDelegate.h */ = {isa = PBXFileReference; lastKnownFileType = sourcecode.c.h; path = AppDelegate.h; sourceTree = "<group>"; };
		1065EFA51D3CB02C008FA045 /* AppDelegate.m */ = {isa = PBXFileReference; lastKnownFileType = sourcecode.c.objc; path = AppDelegate.m; sourceTree = "<group>"; };
		1065EFA71D3CB02C008FA045 /* ViewController.h */ = {isa = PBXFileReference; lastKnownFileType = sourcecode.c.h; path = ViewController.h; sourceTree = "<group>"; };
		1065EFA81D3CB02C008FA045 /* ViewController.m */ = {isa = PBXFileReference; lastKnownFileType = sourcecode.c.objc; path = ViewController.m; sourceTree = "<group>"; };
		1065EFAB1D3CB02C008FA045 /* Base */ = {isa = PBXFileReference; lastKnownFileType = file.storyboard; name = Base; path = Base.lproj/Main.storyboard; sourceTree = "<group>"; };
		1065EFAD1D3CB02C008FA045 /* Assets.xcassets */ = {isa = PBXFileReference; lastKnownFileType = folder.assetcatalog; path = Assets.xcassets; sourceTree = "<group>"; };
		1065EFB01D3CB02C008FA045 /* Base */ = {isa = PBXFileReference; lastKnownFileType = file.storyboard; name = Base; path = Base.lproj/LaunchScreen.storyboard; sourceTree = "<group>"; };
		1065EFB21D3CB02C008FA045 /* Info.plist */ = {isa = PBXFileReference; lastKnownFileType = text.plist.xml; path = Info.plist; sourceTree = "<group>"; };
		1065EFB61D3CB286008FA045 /* AnimatedMaskLabel.h */ = {isa = PBXFileReference; fileEncoding = 4; lastKnownFileType = sourcecode.c.h; path = AnimatedMaskLabel.h; sourceTree = "<group>"; };
		1065EFB71D3CB286008FA045 /* AnimatedMaskLabel.m */ = {isa = PBXFileReference; fileEncoding = 4; lastKnownFileType = sourcecode.c.objc; path = AnimatedMaskLabel.m; sourceTree = "<group>"; };
		1065EFBB1D3CE721008FA045 /* UIView+Extension.h */ = {isa = PBXFileReference; fileEncoding = 4; lastKnownFileType = sourcecode.c.h; path = "UIView+Extension.h"; sourceTree = "<group>"; };
		1065EFBC1D3CE721008FA045 /* UIView+Extension.m */ = {isa = PBXFileReference; fileEncoding = 4; lastKnownFileType = sourcecode.c.objc; path = "UIView+Extension.m"; sourceTree = "<group>"; };
		1065EFC21D3CF663008FA045 /* Chapter_14_StrokeAndPath.app */ = {isa = PBXFileReference; explicitFileType = wrapper.application; includeInIndex = 0; path = Chapter_14_StrokeAndPath.app; sourceTree = BUILT_PRODUCTS_DIR; };
		1065EFC51D3CF663008FA045 /* main.m */ = {isa = PBXFileReference; lastKnownFileType = sourcecode.c.objc; path = main.m; sourceTree = "<group>"; };
		1065EFD01D3CF663008FA045 /* Assets.xcassets */ = {isa = PBXFileReference; lastKnownFileType = folder.assetcatalog; path = Assets.xcassets; sourceTree = "<group>"; };
		1065EFD31D3CF663008FA045 /* Base */ = {isa = PBXFileReference; lastKnownFileType = file.storyboard; name = Base; path = Base.lproj/LaunchScreen.storyboard; sourceTree = "<group>"; };
		1065EFD51D3CF663008FA045 /* Info.plist */ = {isa = PBXFileReference; lastKnownFileType = text.plist.xml; path = Info.plist; sourceTree = "<group>"; };
		1065EFD91D3CF68E008FA045 /* AppDelegate.h */ = {isa = PBXFileReference; fileEncoding = 4; lastKnownFileType = sourcecode.c.h; path = AppDelegate.h; sourceTree = "<group>"; };
		1065EFDA1D3CF68E008FA045 /* AppDelegate.m */ = {isa = PBXFileReference; fileEncoding = 4; lastKnownFileType = sourcecode.c.objc; path = AppDelegate.m; sourceTree = "<group>"; };
		1065EFE21D3CF6AB008FA045 /* Main.storyboard */ = {isa = PBXFileReference; fileEncoding = 4; lastKnownFileType = file.storyboard; path = Main.storyboard; sourceTree = "<group>"; };
		106B73F31D45A06A00746FD3 /* HamburgerView.h */ = {isa = PBXFileReference; fileEncoding = 4; lastKnownFileType = sourcecode.c.h; path = HamburgerView.h; sourceTree = "<group>"; };
		106B73F41D45A06A00746FD3 /* HamburgerView.m */ = {isa = PBXFileReference; fileEncoding = 4; lastKnownFileType = sourcecode.c.objc; path = HamburgerView.m; sourceTree = "<group>"; };
		10DAED0C1D4849E000B6C00D /* Assets.xcassets */ = {isa = PBXFileReference; lastKnownFileType = folder.assetcatalog; path = Assets.xcassets; sourceTree = "<group>"; };
		10EB30411D3E21C80006B89B /* VacationTableViewController.h */ = {isa = PBXFileReference; fileEncoding = 4; lastKnownFileType = sourcecode.c.h; path = VacationTableViewController.h; sourceTree = "<group>"; };
		10EB30421D3E21C80006B89B /* VacationTableViewController.m */ = {isa = PBXFileReference; fileEncoding = 4; lastKnownFileType = sourcecode.c.objc; path = VacationTableViewController.m; sourceTree = "<group>"; };
		10EB304E1D3E388A0006B89B /* RefreshView.h */ = {isa = PBXFileReference; fileEncoding = 4; lastKnownFileType = sourcecode.c.h; path = RefreshView.h; sourceTree = "<group>"; };
		10EB304F1D3E388A0006B89B /* RefreshView.m */ = {isa = PBXFileReference; fileEncoding = 4; lastKnownFileType = sourcecode.c.objc; path = RefreshView.m; sourceTree = "<group>"; };
		10EB30571D406BA40006B89B /* Chapter_15_Simple 3D Animations.app */ = {isa = PBXFileReference; explicitFileType = wrapper.application; includeInIndex = 0; path = "Chapter_15_Simple 3D Animations.app"; sourceTree = BUILT_PRODUCTS_DIR; };
		10EB305A1D406BA40006B89B /* main.m */ = {isa = PBXFileReference; lastKnownFileType = sourcecode.c.objc; path = main.m; sourceTree = "<group>"; };
		10EB305C1D406BA40006B89B /* AppDelegate.h */ = {isa = PBXFileReference; lastKnownFileType = sourcecode.c.h; path = AppDelegate.h; sourceTree = "<group>"; };
		10EB305D1D406BA40006B89B /* AppDelegate.m */ = {isa = PBXFileReference; lastKnownFileType = sourcecode.c.objc; path = AppDelegate.m; sourceTree = "<group>"; };
		10EB30631D406BA50006B89B /* Base */ = {isa = PBXFileReference; lastKnownFileType = file.storyboard; name = Base; path = Base.lproj/Main.storyboard; sourceTree = "<group>"; };
		10EB30651D406BA50006B89B /* Assets.xcassets */ = {isa = PBXFileReference; lastKnownFileType = folder.assetcatalog; path = Assets.xcassets; sourceTree = "<group>"; };
		10EB30681D406BA50006B89B /* Base */ = {isa = PBXFileReference; lastKnownFileType = file.storyboard; name = Base; path = Base.lproj/LaunchScreen.storyboard; sourceTree = "<group>"; };
		10EB306A1D406BA50006B89B /* Info.plist */ = {isa = PBXFileReference; lastKnownFileType = text.plist.xml; path = Info.plist; sourceTree = "<group>"; };
		10EB306E1D406C450006B89B /* ContainerViewController.h */ = {isa = PBXFileReference; fileEncoding = 4; lastKnownFileType = sourcecode.c.h; path = ContainerViewController.h; sourceTree = "<group>"; };
		10EB306F1D406C450006B89B /* ContainerViewController.m */ = {isa = PBXFileReference; fileEncoding = 4; lastKnownFileType = sourcecode.c.objc; path = ContainerViewController.m; sourceTree = "<group>"; };
		10FD60B61D35137F00543902 /* PracticeAnimViewController.h */ = {isa = PBXFileReference; fileEncoding = 4; lastKnownFileType = sourcecode.c.h; path = PracticeAnimViewController.h; sourceTree = "<group>"; };
		10FD60B71D35137F00543902 /* PracticeAnimViewController.m */ = {isa = PBXFileReference; fileEncoding = 4; lastKnownFileType = sourcecode.c.objc; path = PracticeAnimViewController.m; sourceTree = "<group>"; };
		3C49B1561D44B9BC00F5FB58 /* MenuViewController.h */ = {isa = PBXFileReference; fileEncoding = 4; lastKnownFileType = sourcecode.c.h; path = MenuViewController.h; sourceTree = "<group>"; };
		3C49B1571D44B9BC00F5FB58 /* MenuViewController.m */ = {isa = PBXFileReference; fileEncoding = 4; lastKnownFileType = sourcecode.c.objc; path = MenuViewController.m; sourceTree = "<group>"; };
		3C49B1591D44BAED00F5FB58 /* DetailViewController.h */ = {isa = PBXFileReference; fileEncoding = 4; lastKnownFileType = sourcecode.c.h; path = DetailViewController.h; sourceTree = "<group>"; };
		3C49B15A1D44BAED00F5FB58 /* DetailViewController.m */ = {isa = PBXFileReference; fileEncoding = 4; lastKnownFileType = sourcecode.c.objc; path = DetailViewController.m; sourceTree = "<group>"; };
		3C49B15C1D44BCF000F5FB58 /* MenuItems.plist */ = {isa = PBXFileReference; fileEncoding = 4; lastKnownFileType = text.plist.xml; path = MenuItems.plist; sourceTree = "<group>"; };
		3C49B15F1D44C3FE00F5FB58 /* MenuItemCell.h */ = {isa = PBXFileReference; fileEncoding = 4; lastKnownFileType = sourcecode.c.h; path = MenuItemCell.h; sourceTree = "<group>"; };
		3C49B1601D44C3FE00F5FB58 /* MenuItemCell.m */ = {isa = PBXFileReference; fileEncoding = 4; lastKnownFileType = sourcecode.c.objc; path = MenuItemCell.m; sourceTree = "<group>"; };
		3C49B1621D44C6A000F5FB58 /* UIColor+Extension.h */ = {isa = PBXFileReference; fileEncoding = 4; lastKnownFileType = sourcecode.c.h; path = "UIColor+Extension.h"; sourceTree = "<group>"; };
		3C49B1631D44C6A000F5FB58 /* UIColor+Extension.m */ = {isa = PBXFileReference; fileEncoding = 4; lastKnownFileType = sourcecode.c.objc; path = "UIColor+Extension.m"; sourceTree = "<group>"; };
		3CD8F5411D3A297700DCBEA7 /* Chapter_12_MultiPlayerSearch.app */ = {isa = PBXFileReference; explicitFileType = wrapper.application; includeInIndex = 0; path = Chapter_12_MultiPlayerSearch.app; sourceTree = BUILT_PRODUCTS_DIR; };
		3CD8F5441D3A297700DCBEA7 /* main.m */ = {isa = PBXFileReference; lastKnownFileType = sourcecode.c.objc; path = main.m; sourceTree = "<group>"; };
		3CD8F5461D3A297700DCBEA7 /* AppDelegate.h */ = {isa = PBXFileReference; lastKnownFileType = sourcecode.c.h; path = AppDelegate.h; sourceTree = "<group>"; };
		3CD8F5471D3A297700DCBEA7 /* AppDelegate.m */ = {isa = PBXFileReference; lastKnownFileType = sourcecode.c.objc; path = AppDelegate.m; sourceTree = "<group>"; };
		3CD8F5491D3A297700DCBEA7 /* ViewController.h */ = {isa = PBXFileReference; lastKnownFileType = sourcecode.c.h; path = ViewController.h; sourceTree = "<group>"; };
		3CD8F54A1D3A297700DCBEA7 /* ViewController.m */ = {isa = PBXFileReference; lastKnownFileType = sourcecode.c.objc; path = ViewController.m; sourceTree = "<group>"; };
		3CD8F54D1D3A297700DCBEA7 /* Base */ = {isa = PBXFileReference; lastKnownFileType = file.storyboard; name = Base; path = Base.lproj/Main.storyboard; sourceTree = "<group>"; };
		3CD8F54F1D3A297700DCBEA7 /* Assets.xcassets */ = {isa = PBXFileReference; lastKnownFileType = folder.assetcatalog; path = Assets.xcassets; sourceTree = "<group>"; };
		3CD8F5521D3A297700DCBEA7 /* Base */ = {isa = PBXFileReference; lastKnownFileType = file.storyboard; name = Base; path = Base.lproj/LaunchScreen.storyboard; sourceTree = "<group>"; };
		3CD8F5541D3A297700DCBEA7 /* Info.plist */ = {isa = PBXFileReference; lastKnownFileType = text.plist.xml; path = Info.plist; sourceTree = "<group>"; };
		3CD8F5581D3A644D00DCBEA7 /* AvatarView.h */ = {isa = PBXFileReference; fileEncoding = 4; lastKnownFileType = sourcecode.c.h; path = AvatarView.h; sourceTree = "<group>"; };
		3CD8F5591D3A644D00DCBEA7 /* AvatarView.m */ = {isa = PBXFileReference; fileEncoding = 4; lastKnownFileType = sourcecode.c.objc; path = AvatarView.m; sourceTree = "<group>"; };
/* End PBXFileReference section */

/* Begin PBXFrameworksBuildPhase section */
		101B52661D2CB4620078B950 /* Frameworks */ = {
			isa = PBXFrameworksBuildPhase;
			buildActionMask = 2147483647;
			files = (
			);
			runOnlyForDeploymentPostprocessing = 0;
		};
		102DF33E1D3729C200C545D7 /* Frameworks */ = {
			isa = PBXFrameworksBuildPhase;
			buildActionMask = 2147483647;
			files = (
			);
			runOnlyForDeploymentPostprocessing = 0;
		};
		102DF35E1D37B2C400C545D7 /* Frameworks */ = {
			isa = PBXFrameworksBuildPhase;
			buildActionMask = 2147483647;
			files = (
			);
			runOnlyForDeploymentPostprocessing = 0;
		};
		103168041D484EC900F4DF33 /* Frameworks */ = {
			isa = PBXFrameworksBuildPhase;
			buildActionMask = 2147483647;
			files = (
			);
			runOnlyForDeploymentPostprocessing = 0;
		};
		104622B71D351A9F005773E5 /* Frameworks */ = {
			isa = PBXFrameworksBuildPhase;
			buildActionMask = 2147483647;
			files = (
			);
			runOnlyForDeploymentPostprocessing = 0;
		};
		105659C01D38B7DC00535C35 /* Frameworks */ = {
			isa = PBXFrameworksBuildPhase;
			buildActionMask = 2147483647;
			files = (
			);
			runOnlyForDeploymentPostprocessing = 0;
		};
		1065EF9C1D3CB02C008FA045 /* Frameworks */ = {
			isa = PBXFrameworksBuildPhase;
			buildActionMask = 2147483647;
			files = (
			);
			runOnlyForDeploymentPostprocessing = 0;
		};
		1065EFBF1D3CF663008FA045 /* Frameworks */ = {
			isa = PBXFrameworksBuildPhase;
			buildActionMask = 2147483647;
			files = (
			);
			runOnlyForDeploymentPostprocessing = 0;
		};
		10EB30541D406BA40006B89B /* Frameworks */ = {
			isa = PBXFrameworksBuildPhase;
			buildActionMask = 2147483647;
			files = (
			);
			runOnlyForDeploymentPostprocessing = 0;
		};
		3CD8F53E1D3A297700DCBEA7 /* Frameworks */ = {
			isa = PBXFrameworksBuildPhase;
			buildActionMask = 2147483647;
			files = (
			);
			runOnlyForDeploymentPostprocessing = 0;
		};
/* End PBXFrameworksBuildPhase section */

/* Begin PBXGroup section */
		101B52601D2CB4620078B950 = {
			isa = PBXGroup;
			children = (
				101B526B1D2CB4620078B950 /* bahama_autoLayout */,
				105659C41D38B7DC00535C35 /* Chapter_1_3_Bahama */,
				104622BB1D351A9F005773E5 /* Chapter4_5_AnimPractice */,
				102DF3421D3729C200C545D7 /* Chapter_6_7_PackingList */,
				102DF3621D37B2C400C545D7 /* Chapter8_11_Layer */,
				3CD8F5421D3A297700DCBEA7 /* Chapter_12_MultiPlayerSearch */,
				1065EFA01D3CB02C008FA045 /* Chapter_13_SlideToReveal */,
				1065EFC31D3CF663008FA045 /* Chapter_14_StrokeAndPath */,
				10EB30581D406BA40006B89B /* Chapter_15_Simple 3D Animations */,
				103168081D484EC900F4DF33 /* Chapter_16_Inter3D_Animations */,
				101B526A1D2CB4620078B950 /* Products */,
			);
			sourceTree = "<group>";
		};
		101B526A1D2CB4620078B950 /* Products */ = {
			isa = PBXGroup;
			children = (
				101B52691D2CB4620078B950 /* bahama.app */,
				104622BA1D351A9F005773E5 /* Chapter4_AnimPractice.app */,
				102DF3411D3729C200C545D7 /* Chapter_6_PackingList.app */,
				102DF3611D37B2C400C545D7 /* Chapter8_Layer.app */,
				105659C31D38B7DC00535C35 /* Chapter_1_3_Bahama.app */,
				3CD8F5411D3A297700DCBEA7 /* Chapter_12_MultiPlayerSearch.app */,
				1065EF9F1D3CB02C008FA045 /* Chapter_13_SlideToReveal.app */,
				1065EFC21D3CF663008FA045 /* Chapter_14_StrokeAndPath.app */,
				10EB30571D406BA40006B89B /* Chapter_15_Simple 3D Animations.app */,
				103168071D484EC900F4DF33 /* Chapter_16_Inter3D_Animations.app */,
			);
			name = Products;
			sourceTree = "<group>";
		};
		101B526B1D2CB4620078B950 /* bahama_autoLayout */ = {
			isa = PBXGroup;
			children = (
				10FD60B41D3512F300543902 /* Chapter_1-3 */,
				10FD60B51D35134100543902 /* Chapter_4 */,
				101B52841D2CECDB0078B950 /* Catetory */,
				101B526F1D2CB4620078B950 /* AppDelegate.h */,
				101B52701D2CB4620078B950 /* AppDelegate.m */,
				101B52751D2CB4620078B950 /* Main.storyboard */,
				101B52781D2CB4620078B950 /* Assets.xcassets */,
				101B527A1D2CB4620078B950 /* LaunchScreen.storyboard */,
				101B527D1D2CB4620078B950 /* Info.plist */,
				101B526C1D2CB4620078B950 /* Supporting Files */,
			);
			name = bahama_autoLayout;
			path = bahama;
			sourceTree = "<group>";
		};
		101B526C1D2CB4620078B950 /* Supporting Files */ = {
			isa = PBXGroup;
			children = (
				101B526D1D2CB4620078B950 /* main.m */,
			);
			name = "Supporting Files";
			sourceTree = "<group>";
		};
		101B52841D2CECDB0078B950 /* Catetory */ = {
			isa = PBXGroup;
			children = (
				101B52851D2CED3A0078B950 /* UIView+Extension.h */,
				101B52861D2CED3A0078B950 /* UIView+Extension.m */,
			);
			name = Catetory;
			sourceTree = "<group>";
		};
		102DF3421D3729C200C545D7 /* Chapter_6_7_PackingList */ = {
			isa = PBXGroup;
			children = (
				102DF3461D3729C200C545D7 /* AppDelegate.h */,
				102DF3471D3729C200C545D7 /* AppDelegate.m */,
				102DF3581D3776E700C545D7 /* HorizontalItemList.h */,
				102DF3591D3776E700C545D7 /* HorizontalItemList.m */,
				102DF3491D3729C200C545D7 /* ViewController.h */,
				102DF34A1D3729C200C545D7 /* ViewController.m */,
				10DAED0C1D4849E000B6C00D /* Assets.xcassets */,
				102DF34C1D3729C200C545D7 /* Main.storyboard */,
				102DF3511D3729C200C545D7 /* LaunchScreen.storyboard */,
				102DF3541D3729C200C545D7 /* Info.plist */,
				102DF3431D3729C200C545D7 /* Supporting Files */,
			);
			name = Chapter_6_7_PackingList;
			path = Chapter_6_PackingList;
			sourceTree = "<group>";
		};
		102DF3431D3729C200C545D7 /* Supporting Files */ = {
			isa = PBXGroup;
			children = (
				102DF3441D3729C200C545D7 /* main.m */,
			);
			name = "Supporting Files";
			sourceTree = "<group>";
		};
		102DF3621D37B2C400C545D7 /* Chapter8_11_Layer */ = {
			isa = PBXGroup;
			children = (
				102DF3781D38707400C545D7 /* Categary */,
				102DF3661D37B2C400C545D7 /* AppDelegate.h */,
				102DF3671D37B2C400C545D7 /* AppDelegate.m */,
				102DF3691D37B2C400C545D7 /* ViewController.h */,
				102DF36A1D37B2C400C545D7 /* ViewController.m */,
				102DF36C1D37B2C400C545D7 /* Main.storyboard */,
				102DF36F1D37B2C400C545D7 /* Assets.xcassets */,
				102DF3711D37B2C400C545D7 /* LaunchScreen.storyboard */,
				102DF3741D37B2C400C545D7 /* Info.plist */,
				102DF3631D37B2C400C545D7 /* Supporting Files */,
			);
			name = Chapter8_11_Layer;
			path = Chapter8_Layer;
			sourceTree = "<group>";
		};
		102DF3631D37B2C400C545D7 /* Supporting Files */ = {
			isa = PBXGroup;
			children = (
				102DF3641D37B2C400C545D7 /* main.m */,
			);
			name = "Supporting Files";
			sourceTree = "<group>";
		};
		102DF3781D38707400C545D7 /* Categary */ = {
			isa = PBXGroup;
			children = (
				102DF3791D38707400C545D7 /* UIView+Extension.h */,
				102DF37A1D38707400C545D7 /* UIView+Extension.m */,
			);
			path = Categary;
			sourceTree = "<group>";
		};
		103168081D484EC900F4DF33 /* Chapter_16_Inter3D_Animations */ = {
			isa = PBXGroup;
			children = (
				1031680C1D484EC900F4DF33 /* AppDelegate.h */,
				1031680D1D484EC900F4DF33 /* AppDelegate.m */,
				103168211D484FD400F4DF33 /* ImageViewCard.h */,
				103168221D484FD400F4DF33 /* ImageViewCard.m */,
				1031681E1D484F8A00F4DF33 /* GalleryViewController.h */,
				1031681F1D484F8A00F4DF33 /* GalleryViewController.m */,
				103168121D484EC900F4DF33 /* Main.storyboard */,
				103168151D484EC900F4DF33 /* Assets.xcassets */,
				103168171D484EC900F4DF33 /* LaunchScreen.storyboard */,
				1031681A1D484EC900F4DF33 /* Info.plist */,
				103168091D484EC900F4DF33 /* Supporting Files */,
			);
			path = Chapter_16_Inter3D_Animations;
			sourceTree = "<group>";
		};
		103168091D484EC900F4DF33 /* Supporting Files */ = {
			isa = PBXGroup;
			children = (
				1031680A1D484EC900F4DF33 /* main.m */,
			);
			name = "Supporting Files";
			sourceTree = "<group>";
		};
		104622BB1D351A9F005773E5 /* Chapter4_5_AnimPractice */ = {
			isa = PBXGroup;
			children = (
				104622D81D35D34E005773E5 /* Custom */,
				104622BF1D351A9F005773E5 /* AppDelegate.h */,
				104622C01D351A9F005773E5 /* AppDelegate.m */,
				104622C21D351A9F005773E5 /* ViewController.h */,
				104622C31D351A9F005773E5 /* ViewController.m */,
				104622C51D351A9F005773E5 /* Main.storyboard */,
				104622C81D351A9F005773E5 /* Assets.xcassets */,
				104622CA1D351A9F005773E5 /* LaunchScreen.storyboard */,
				104622CD1D351A9F005773E5 /* Info.plist */,
				104622BC1D351A9F005773E5 /* Supporting Files */,
			);
			name = Chapter4_5_AnimPractice;
			path = Chapter4_AnimPractice;
			sourceTree = "<group>";
		};
		104622BC1D351A9F005773E5 /* Supporting Files */ = {
			isa = PBXGroup;
			children = (
				104622BD1D351A9F005773E5 /* main.m */,
			);
			name = "Supporting Files";
			sourceTree = "<group>";
		};
		104622D81D35D34E005773E5 /* Custom */ = {
			isa = PBXGroup;
			children = (
				104622D51D35D348005773E5 /* UIView+Extension.h */,
				104622D61D35D348005773E5 /* UIView+Extension.m */,
				104622D21D35CD7B005773E5 /* SnowView.h */,
				104622D31D35CD7B005773E5 /* SnowView.m */,
			);
			name = Custom;
			sourceTree = "<group>";
		};
		105659C41D38B7DC00535C35 /* Chapter_1_3_Bahama */ = {
			isa = PBXGroup;
			children = (
				105659E61D38B89800535C35 /* Categary */,
				105659DD1D38B88C00535C35 /* AppDelegate.h */,
				105659DE1D38B88C00535C35 /* AppDelegate.m */,
				105659DA1D38B82600535C35 /* ViewController.h */,
				105659DB1D38B82600535C35 /* ViewController.m */,
				105659D61D38B7DC00535C35 /* Info.plist */,
				105659E11D38B89800535C35 /* Base.lproj */,
				105659E01D38B89800535C35 /* Assets.xcassets */,
				105659C51D38B7DC00535C35 /* Supporting Files */,
			);
			path = Chapter_1_3_Bahama;
			sourceTree = "<group>";
		};
		105659C51D38B7DC00535C35 /* Supporting Files */ = {
			isa = PBXGroup;
			children = (
				105659C61D38B7DC00535C35 /* main.m */,
			);
			name = "Supporting Files";
			sourceTree = "<group>";
		};
		105659E11D38B89800535C35 /* Base.lproj */ = {
			isa = PBXGroup;
			children = (
				105659E21D38B89800535C35 /* LaunchScreen.storyboard */,
				105659E41D38B89800535C35 /* Main.storyboard */,
			);
			path = Base.lproj;
			sourceTree = "<group>";
		};
		105659E61D38B89800535C35 /* Categary */ = {
			isa = PBXGroup;
			children = (
				105659E71D38B89800535C35 /* UIView+Extension.h */,
				105659E81D38B89800535C35 /* UIView+Extension.m */,
			);
			path = Categary;
			sourceTree = "<group>";
		};
		1065EFA01D3CB02C008FA045 /* Chapter_13_SlideToReveal */ = {
			isa = PBXGroup;
			children = (
				1065EFBA1D3CE721008FA045 /* Categary */,
				1065EFA41D3CB02C008FA045 /* AppDelegate.h */,
				1065EFA51D3CB02C008FA045 /* AppDelegate.m */,
				1065EFB61D3CB286008FA045 /* AnimatedMaskLabel.h */,
				1065EFB71D3CB286008FA045 /* AnimatedMaskLabel.m */,
				1065EFA71D3CB02C008FA045 /* ViewController.h */,
				1065EFA81D3CB02C008FA045 /* ViewController.m */,
				1065EFAA1D3CB02C008FA045 /* Main.storyboard */,
				1065EFAD1D3CB02C008FA045 /* Assets.xcassets */,
				1065EFAF1D3CB02C008FA045 /* LaunchScreen.storyboard */,
				1065EFB21D3CB02C008FA045 /* Info.plist */,
				1065EFA11D3CB02C008FA045 /* Supporting Files */,
			);
			path = Chapter_13_SlideToReveal;
			sourceTree = "<group>";
		};
		1065EFA11D3CB02C008FA045 /* Supporting Files */ = {
			isa = PBXGroup;
			children = (
				1065EFA21D3CB02C008FA045 /* main.m */,
			);
			name = "Supporting Files";
			sourceTree = "<group>";
		};
		1065EFBA1D3CE721008FA045 /* Categary */ = {
			isa = PBXGroup;
			children = (
				1065EFBB1D3CE721008FA045 /* UIView+Extension.h */,
				1065EFBC1D3CE721008FA045 /* UIView+Extension.m */,
			);
			path = Categary;
			sourceTree = "<group>";
		};
		1065EFC31D3CF663008FA045 /* Chapter_14_StrokeAndPath */ = {
			isa = PBXGroup;
			children = (
				1065EFD91D3CF68E008FA045 /* AppDelegate.h */,
				1065EFDA1D3CF68E008FA045 /* AppDelegate.m */,
				10EB304E1D3E388A0006B89B /* RefreshView.h */,
				10EB304F1D3E388A0006B89B /* RefreshView.m */,
				10EB30411D3E21C80006B89B /* VacationTableViewController.h */,
				10EB30421D3E21C80006B89B /* VacationTableViewController.m */,
				1065EFE21D3CF6AB008FA045 /* Main.storyboard */,
				1065EFD01D3CF663008FA045 /* Assets.xcassets */,
				1065EFD21D3CF663008FA045 /* LaunchScreen.storyboard */,
				1065EFD51D3CF663008FA045 /* Info.plist */,
				1065EFC41D3CF663008FA045 /* Supporting Files */,
			);
			path = Chapter_14_StrokeAndPath;
			sourceTree = "<group>";
		};
		1065EFC41D3CF663008FA045 /* Supporting Files */ = {
			isa = PBXGroup;
			children = (
				1065EFC51D3CF663008FA045 /* main.m */,
			);
			name = "Supporting Files";
			sourceTree = "<group>";
		};
		106B73F21D45A04300746FD3 /* View */ = {
			isa = PBXGroup;
			children = (
				3C49B15F1D44C3FE00F5FB58 /* MenuItemCell.h */,
				3C49B1601D44C3FE00F5FB58 /* MenuItemCell.m */,
				3C49B1621D44C6A000F5FB58 /* UIColor+Extension.h */,
				3C49B1631D44C6A000F5FB58 /* UIColor+Extension.m */,
				106B73F31D45A06A00746FD3 /* HamburgerView.h */,
				106B73F41D45A06A00746FD3 /* HamburgerView.m */,
			);
			name = View;
			sourceTree = "<group>";
		};
		10EB30581D406BA40006B89B /* Chapter_15_Simple 3D Animations */ = {
			isa = PBXGroup;
			children = (
				106B73F21D45A04300746FD3 /* View */,
				3C49B15E1D44BDC600F5FB58 /* ContainerVc */,
				10EB305C1D406BA40006B89B /* AppDelegate.h */,
				10EB305D1D406BA40006B89B /* AppDelegate.m */,
				10EB306E1D406C450006B89B /* ContainerViewController.h */,
				10EB306F1D406C450006B89B /* ContainerViewController.m */,
				10EB30621D406BA50006B89B /* Main.storyboard */,
				10EB30651D406BA50006B89B /* Assets.xcassets */,
				3C49B15C1D44BCF000F5FB58 /* MenuItems.plist */,
				10EB30671D406BA50006B89B /* LaunchScreen.storyboard */,
				10EB306A1D406BA50006B89B /* Info.plist */,
				10EB30591D406BA40006B89B /* Supporting Files */,
			);
			path = "Chapter_15_Simple 3D Animations";
			sourceTree = "<group>";
		};
		10EB30591D406BA40006B89B /* Supporting Files */ = {
			isa = PBXGroup;
			children = (
				10EB305A1D406BA40006B89B /* main.m */,
			);
			name = "Supporting Files";
			sourceTree = "<group>";
		};
		10FD60B41D3512F300543902 /* Chapter_1-3 */ = {
			isa = PBXGroup;
			children = (
				101B52721D2CB4620078B950 /* ViewController.h */,
				101B52731D2CB4620078B950 /* ViewController.m */,
			);
			name = "Chapter_1-3";
			sourceTree = "<group>";
		};
		10FD60B51D35134100543902 /* Chapter_4 */ = {
			isa = PBXGroup;
			children = (
				10FD60B61D35137F00543902 /* PracticeAnimViewController.h */,
				10FD60B71D35137F00543902 /* PracticeAnimViewController.m */,
			);
			name = Chapter_4;
			sourceTree = "<group>";
		};
		3C49B15E1D44BDC600F5FB58 /* ContainerVc */ = {
			isa = PBXGroup;
			children = (
				3C49B1591D44BAED00F5FB58 /* DetailViewController.h */,
				3C49B15A1D44BAED00F5FB58 /* DetailViewController.m */,
				3C49B1561D44B9BC00F5FB58 /* MenuViewController.h */,
				3C49B1571D44B9BC00F5FB58 /* MenuViewController.m */,
			);
			name = ContainerVc;
			sourceTree = "<group>";
		};
		3CD8F5421D3A297700DCBEA7 /* Chapter_12_MultiPlayerSearch */ = {
			isa = PBXGroup;
			children = (
				3CD8F5461D3A297700DCBEA7 /* AppDelegate.h */,
				3CD8F5471D3A297700DCBEA7 /* AppDelegate.m */,
				3CD8F5581D3A644D00DCBEA7 /* AvatarView.h */,
				3CD8F5591D3A644D00DCBEA7 /* AvatarView.m */,
				3CD8F5491D3A297700DCBEA7 /* ViewController.h */,
				3CD8F54A1D3A297700DCBEA7 /* ViewController.m */,
				3CD8F54C1D3A297700DCBEA7 /* Main.storyboard */,
				3CD8F54F1D3A297700DCBEA7 /* Assets.xcassets */,
				3CD8F5511D3A297700DCBEA7 /* LaunchScreen.storyboard */,
				3CD8F5541D3A297700DCBEA7 /* Info.plist */,
				3CD8F5431D3A297700DCBEA7 /* Supporting Files */,
			);
			path = Chapter_12_MultiPlayerSearch;
			sourceTree = "<group>";
		};
		3CD8F5431D3A297700DCBEA7 /* Supporting Files */ = {
			isa = PBXGroup;
			children = (
				3CD8F5441D3A297700DCBEA7 /* main.m */,
			);
			name = "Supporting Files";
			sourceTree = "<group>";
		};
/* End PBXGroup section */

/* Begin PBXNativeTarget section */
		101B52681D2CB4620078B950 /* bahama */ = {
			isa = PBXNativeTarget;
			buildConfigurationList = 101B52801D2CB4620078B950 /* Build configuration list for PBXNativeTarget "bahama" */;
			buildPhases = (
				101B52651D2CB4620078B950 /* Sources */,
				101B52661D2CB4620078B950 /* Frameworks */,
				101B52671D2CB4620078B950 /* Resources */,
			);
			buildRules = (
			);
			dependencies = (
			);
			name = bahama;
			productName = bahama;
			productReference = 101B52691D2CB4620078B950 /* bahama.app */;
			productType = "com.apple.product-type.application";
		};
		102DF3401D3729C200C545D7 /* Chapter_6_PackingList */ = {
			isa = PBXNativeTarget;
			buildConfigurationList = 102DF3551D3729C200C545D7 /* Build configuration list for PBXNativeTarget "Chapter_6_PackingList" */;
			buildPhases = (
				102DF33D1D3729C200C545D7 /* Sources */,
				102DF33E1D3729C200C545D7 /* Frameworks */,
				102DF33F1D3729C200C545D7 /* Resources */,
			);
			buildRules = (
			);
			dependencies = (
			);
			name = Chapter_6_PackingList;
			productName = Chapter_6_PackingList;
			productReference = 102DF3411D3729C200C545D7 /* Chapter_6_PackingList.app */;
			productType = "com.apple.product-type.application";
		};
		102DF3601D37B2C400C545D7 /* Chapter8_Layer */ = {
			isa = PBXNativeTarget;
			buildConfigurationList = 102DF3751D37B2C400C545D7 /* Build configuration list for PBXNativeTarget "Chapter8_Layer" */;
			buildPhases = (
				102DF35D1D37B2C400C545D7 /* Sources */,
				102DF35E1D37B2C400C545D7 /* Frameworks */,
				102DF35F1D37B2C400C545D7 /* Resources */,
			);
			buildRules = (
			);
			dependencies = (
			);
			name = Chapter8_Layer;
			productName = Chapter8_Layer;
			productReference = 102DF3611D37B2C400C545D7 /* Chapter8_Layer.app */;
			productType = "com.apple.product-type.application";
		};
		103168061D484EC900F4DF33 /* Chapter_16_Inter3D_Animations */ = {
			isa = PBXNativeTarget;
			buildConfigurationList = 1031681B1D484EC900F4DF33 /* Build configuration list for PBXNativeTarget "Chapter_16_Inter3D_Animations" */;
			buildPhases = (
				103168031D484EC900F4DF33 /* Sources */,
				103168041D484EC900F4DF33 /* Frameworks */,
				103168051D484EC900F4DF33 /* Resources */,
			);
			buildRules = (
			);
			dependencies = (
			);
			name = Chapter_16_Inter3D_Animations;
			productName = Chapter_16_Inter3D_Animations;
			productReference = 103168071D484EC900F4DF33 /* Chapter_16_Inter3D_Animations.app */;
			productType = "com.apple.product-type.application";
		};
		104622B91D351A9F005773E5 /* Chapter4_AnimPractice */ = {
			isa = PBXNativeTarget;
			buildConfigurationList = 104622D01D351A9F005773E5 /* Build configuration list for PBXNativeTarget "Chapter4_AnimPractice" */;
			buildPhases = (
				104622B61D351A9F005773E5 /* Sources */,
				104622B71D351A9F005773E5 /* Frameworks */,
				104622B81D351A9F005773E5 /* Resources */,
			);
			buildRules = (
			);
			dependencies = (
			);
			name = Chapter4_AnimPractice;
			productName = Chapter4_AnimPractice;
			productReference = 104622BA1D351A9F005773E5 /* Chapter4_AnimPractice.app */;
			productType = "com.apple.product-type.application";
		};
		105659C21D38B7DC00535C35 /* Chapter_1_3_Bahama */ = {
			isa = PBXNativeTarget;
			buildConfigurationList = 105659D91D38B7DC00535C35 /* Build configuration list for PBXNativeTarget "Chapter_1_3_Bahama" */;
			buildPhases = (
				105659BF1D38B7DC00535C35 /* Sources */,
				105659C01D38B7DC00535C35 /* Frameworks */,
				105659C11D38B7DC00535C35 /* Resources */,
			);
			buildRules = (
			);
			dependencies = (
			);
			name = Chapter_1_3_Bahama;
			productName = Chapter_1_3_Bahama;
			productReference = 105659C31D38B7DC00535C35 /* Chapter_1_3_Bahama.app */;
			productType = "com.apple.product-type.application";
		};
		1065EF9E1D3CB02C008FA045 /* Chapter_13_SlideToReveal */ = {
			isa = PBXNativeTarget;
			buildConfigurationList = 1065EFB51D3CB02C008FA045 /* Build configuration list for PBXNativeTarget "Chapter_13_SlideToReveal" */;
			buildPhases = (
				1065EF9B1D3CB02C008FA045 /* Sources */,
				1065EF9C1D3CB02C008FA045 /* Frameworks */,
				1065EF9D1D3CB02C008FA045 /* Resources */,
			);
			buildRules = (
			);
			dependencies = (
			);
			name = Chapter_13_SlideToReveal;
			productName = Chapter_13_SlideToReveal;
			productReference = 1065EF9F1D3CB02C008FA045 /* Chapter_13_SlideToReveal.app */;
			productType = "com.apple.product-type.application";
		};
		1065EFC11D3CF663008FA045 /* Chapter_14_StrokeAndPath */ = {
			isa = PBXNativeTarget;
			buildConfigurationList = 1065EFD61D3CF663008FA045 /* Build configuration list for PBXNativeTarget "Chapter_14_StrokeAndPath" */;
			buildPhases = (
				1065EFBE1D3CF663008FA045 /* Sources */,
				1065EFBF1D3CF663008FA045 /* Frameworks */,
				1065EFC01D3CF663008FA045 /* Resources */,
			);
			buildRules = (
			);
			dependencies = (
			);
			name = Chapter_14_StrokeAndPath;
			productName = Chapter_14_StrokeAndPath;
			productReference = 1065EFC21D3CF663008FA045 /* Chapter_14_StrokeAndPath.app */;
			productType = "com.apple.product-type.application";
		};
		10EB30561D406BA40006B89B /* Chapter_15_Simple 3D Animations */ = {
			isa = PBXNativeTarget;
			buildConfigurationList = 10EB306B1D406BA50006B89B /* Build configuration list for PBXNativeTarget "Chapter_15_Simple 3D Animations" */;
			buildPhases = (
				10EB30531D406BA40006B89B /* Sources */,
				10EB30541D406BA40006B89B /* Frameworks */,
				10EB30551D406BA40006B89B /* Resources */,
			);
			buildRules = (
			);
			dependencies = (
			);
			name = "Chapter_15_Simple 3D Animations";
			productName = "Chapter_15_Simple 3D Animations";
			productReference = 10EB30571D406BA40006B89B /* Chapter_15_Simple 3D Animations.app */;
			productType = "com.apple.product-type.application";
		};
		3CD8F5401D3A297700DCBEA7 /* Chapter_12_MultiPlayerSearch */ = {
			isa = PBXNativeTarget;
			buildConfigurationList = 3CD8F5551D3A297700DCBEA7 /* Build configuration list for PBXNativeTarget "Chapter_12_MultiPlayerSearch" */;
			buildPhases = (
				3CD8F53D1D3A297700DCBEA7 /* Sources */,
				3CD8F53E1D3A297700DCBEA7 /* Frameworks */,
				3CD8F53F1D3A297700DCBEA7 /* Resources */,
			);
			buildRules = (
			);
			dependencies = (
			);
			name = Chapter_12_MultiPlayerSearch;
			productName = Chapter_12_MultiPlayerSearch;
			productReference = 3CD8F5411D3A297700DCBEA7 /* Chapter_12_MultiPlayerSearch.app */;
			productType = "com.apple.product-type.application";
		};
/* End PBXNativeTarget section */

/* Begin PBXProject section */
		101B52611D2CB4620078B950 /* Project object */ = {
			isa = PBXProject;
			attributes = {
				LastUpgradeCheck = 0730;
				ORGANIZATIONNAME = JD.K;
				TargetAttributes = {
					101B52681D2CB4620078B950 = {
						CreatedOnToolsVersion = 7.3.1;
					};
					102DF3401D3729C200C545D7 = {
						CreatedOnToolsVersion = 7.3.1;
						DevelopmentTeam = N74JCBVV4U;
					};
					102DF3601D37B2C400C545D7 = {
						CreatedOnToolsVersion = 7.3.1;
					};
					103168061D484EC900F4DF33 = {
						CreatedOnToolsVersion = 7.3.1;
						DevelopmentTeam = N74JCBVV4U;
					};
					104622B91D351A9F005773E5 = {
						CreatedOnToolsVersion = 7.3.1;
					};
					105659C21D38B7DC00535C35 = {
						CreatedOnToolsVersion = 7.3.1;
					};
					1065EF9E1D3CB02C008FA045 = {
						CreatedOnToolsVersion = 7.3.1;
					};
					1065EFC11D3CF663008FA045 = {
						CreatedOnToolsVersion = 7.3.1;
						DevelopmentTeam = N74JCBVV4U;
					};
					10EB30561D406BA40006B89B = {
						CreatedOnToolsVersion = 7.3.1;
					};
					3CD8F5401D3A297700DCBEA7 = {
						CreatedOnToolsVersion = 7.3.1;
						DevelopmentTeam = GQDC3CXA69;
					};
				};
			};
			buildConfigurationList = 101B52641D2CB4620078B950 /* Build configuration list for PBXProject "iOS_Animations_by_Tutorials_ObjC" */;
			compatibilityVersion = "Xcode 3.2";
			developmentRegion = English;
			hasScannedForEncodings = 0;
			knownRegions = (
				en,
				Base,
			);
			mainGroup = 101B52601D2CB4620078B950;
			productRefGroup = 101B526A1D2CB4620078B950 /* Products */;
			projectDirPath = "";
			projectRoot = "";
			targets = (
				101B52681D2CB4620078B950 /* bahama */,
				104622B91D351A9F005773E5 /* Chapter4_AnimPractice */,
				102DF3401D3729C200C545D7 /* Chapter_6_PackingList */,
				102DF3601D37B2C400C545D7 /* Chapter8_Layer */,
				105659C21D38B7DC00535C35 /* Chapter_1_3_Bahama */,
				3CD8F5401D3A297700DCBEA7 /* Chapter_12_MultiPlayerSearch */,
				1065EF9E1D3CB02C008FA045 /* Chapter_13_SlideToReveal */,
				1065EFC11D3CF663008FA045 /* Chapter_14_StrokeAndPath */,
				10EB30561D406BA40006B89B /* Chapter_15_Simple 3D Animations */,
				103168061D484EC900F4DF33 /* Chapter_16_Inter3D_Animations */,
			);
		};
/* End PBXProject section */

/* Begin PBXResourcesBuildPhase section */
		101B52671D2CB4620078B950 /* Resources */ = {
			isa = PBXResourcesBuildPhase;
			buildActionMask = 2147483647;
			files = (
				101B527C1D2CB4620078B950 /* LaunchScreen.storyboard in Resources */,
				101B52791D2CB4620078B950 /* Assets.xcassets in Resources */,
				101B52771D2CB4620078B950 /* Main.storyboard in Resources */,
			);
			runOnlyForDeploymentPostprocessing = 0;
		};
		102DF33F1D3729C200C545D7 /* Resources */ = {
			isa = PBXResourcesBuildPhase;
			buildActionMask = 2147483647;
			files = (
				103168021D484E4500F4DF33 /* Assets.xcassets in Resources */,
				102DF3531D3729C200C545D7 /* LaunchScreen.storyboard in Resources */,
				102DF34E1D3729C200C545D7 /* Main.storyboard in Resources */,
			);
			runOnlyForDeploymentPostprocessing = 0;
		};
		102DF35F1D37B2C400C545D7 /* Resources */ = {
			isa = PBXResourcesBuildPhase;
			buildActionMask = 2147483647;
			files = (
				102DF3731D37B2C400C545D7 /* LaunchScreen.storyboard in Resources */,
				102DF3701D37B2C400C545D7 /* Assets.xcassets in Resources */,
				102DF36E1D37B2C400C545D7 /* Main.storyboard in Resources */,
			);
			runOnlyForDeploymentPostprocessing = 0;
		};
		103168051D484EC900F4DF33 /* Resources */ = {
			isa = PBXResourcesBuildPhase;
			buildActionMask = 2147483647;
			files = (
				103168191D484EC900F4DF33 /* LaunchScreen.storyboard in Resources */,
				103168161D484EC900F4DF33 /* Assets.xcassets in Resources */,
				103168141D484EC900F4DF33 /* Main.storyboard in Resources */,
			);
			runOnlyForDeploymentPostprocessing = 0;
		};
		104622B81D351A9F005773E5 /* Resources */ = {
			isa = PBXResourcesBuildPhase;
			buildActionMask = 2147483647;
			files = (
				104622CC1D351A9F005773E5 /* LaunchScreen.storyboard in Resources */,
				104622C91D351A9F005773E5 /* Assets.xcassets in Resources */,
				104622C71D351A9F005773E5 /* Main.storyboard in Resources */,
			);
			runOnlyForDeploymentPostprocessing = 0;
		};
		105659C11D38B7DC00535C35 /* Resources */ = {
			isa = PBXResourcesBuildPhase;
			buildActionMask = 2147483647;
			files = (
				105659EB1D38B89800535C35 /* Main.storyboard in Resources */,
				105659E91D38B89800535C35 /* Assets.xcassets in Resources */,
				105659EA1D38B89800535C35 /* LaunchScreen.storyboard in Resources */,
			);
			runOnlyForDeploymentPostprocessing = 0;
		};
		1065EF9D1D3CB02C008FA045 /* Resources */ = {
			isa = PBXResourcesBuildPhase;
			buildActionMask = 2147483647;
			files = (
				1065EFB11D3CB02C008FA045 /* LaunchScreen.storyboard in Resources */,
				1065EFAE1D3CB02C008FA045 /* Assets.xcassets in Resources */,
				1065EFAC1D3CB02C008FA045 /* Main.storyboard in Resources */,
			);
			runOnlyForDeploymentPostprocessing = 0;
		};
		1065EFC01D3CF663008FA045 /* Resources */ = {
			isa = PBXResourcesBuildPhase;
			buildActionMask = 2147483647;
			files = (
				1065EFE31D3CF6AB008FA045 /* Main.storyboard in Resources */,
				1065EFD41D3CF663008FA045 /* LaunchScreen.storyboard in Resources */,
				1065EFD11D3CF663008FA045 /* Assets.xcassets in Resources */,
			);
			runOnlyForDeploymentPostprocessing = 0;
		};
		10EB30551D406BA40006B89B /* Resources */ = {
			isa = PBXResourcesBuildPhase;
			buildActionMask = 2147483647;
			files = (
				3C49B15D1D44BCF000F5FB58 /* MenuItems.plist in Resources */,
				10EB30691D406BA50006B89B /* LaunchScreen.storyboard in Resources */,
				10EB30661D406BA50006B89B /* Assets.xcassets in Resources */,
				10EB30641D406BA50006B89B /* Main.storyboard in Resources */,
			);
			runOnlyForDeploymentPostprocessing = 0;
		};
		3CD8F53F1D3A297700DCBEA7 /* Resources */ = {
			isa = PBXResourcesBuildPhase;
			buildActionMask = 2147483647;
			files = (
				3CD8F5531D3A297700DCBEA7 /* LaunchScreen.storyboard in Resources */,
				3CD8F5501D3A297700DCBEA7 /* Assets.xcassets in Resources */,
				3CD8F54E1D3A297700DCBEA7 /* Main.storyboard in Resources */,
			);
			runOnlyForDeploymentPostprocessing = 0;
		};
/* End PBXResourcesBuildPhase section */

/* Begin PBXSourcesBuildPhase section */
		101B52651D2CB4620078B950 /* Sources */ = {
			isa = PBXSourcesBuildPhase;
			buildActionMask = 2147483647;
			files = (
				101B52741D2CB4620078B950 /* ViewController.m in Sources */,
				101B52711D2CB4620078B950 /* AppDelegate.m in Sources */,
				101B52871D2CED3A0078B950 /* UIView+Extension.m in Sources */,
				10FD60B81D35137F00543902 /* PracticeAnimViewController.m in Sources */,
				101B526E1D2CB4620078B950 /* main.m in Sources */,
			);
			runOnlyForDeploymentPostprocessing = 0;
		};
		102DF33D1D3729C200C545D7 /* Sources */ = {
			isa = PBXSourcesBuildPhase;
			buildActionMask = 2147483647;
			files = (
				102DF35A1D3776E700C545D7 /* HorizontalItemList.m in Sources */,
				102DF34B1D3729C200C545D7 /* ViewController.m in Sources */,
				102DF3481D3729C200C545D7 /* AppDelegate.m in Sources */,
				102DF3451D3729C200C545D7 /* main.m in Sources */,
			);
			runOnlyForDeploymentPostprocessing = 0;
		};
		102DF35D1D37B2C400C545D7 /* Sources */ = {
			isa = PBXSourcesBuildPhase;
			buildActionMask = 2147483647;
			files = (
				102DF36B1D37B2C400C545D7 /* ViewController.m in Sources */,
				102DF3681D37B2C400C545D7 /* AppDelegate.m in Sources */,
				102DF37B1D38707400C545D7 /* UIView+Extension.m in Sources */,
				102DF3651D37B2C400C545D7 /* main.m in Sources */,
			);
			runOnlyForDeploymentPostprocessing = 0;
		};
		103168031D484EC900F4DF33 /* Sources */ = {
			isa = PBXSourcesBuildPhase;
			buildActionMask = 2147483647;
			files = (
				103168201D484F8A00F4DF33 /* GalleryViewController.m in Sources */,
				1031680E1D484EC900F4DF33 /* AppDelegate.m in Sources */,
				103168231D484FD400F4DF33 /* ImageViewCard.m in Sources */,
				1031680B1D484EC900F4DF33 /* main.m in Sources */,
			);
			runOnlyForDeploymentPostprocessing = 0;
		};
		104622B61D351A9F005773E5 /* Sources */ = {
			isa = PBXSourcesBuildPhase;
			buildActionMask = 2147483647;
			files = (
				104622D71D35D348005773E5 /* UIView+Extension.m in Sources */,
				104622C41D351A9F005773E5 /* ViewController.m in Sources */,
				104622C11D351A9F005773E5 /* AppDelegate.m in Sources */,
				104622BE1D351A9F005773E5 /* main.m in Sources */,
				104622D41D35CD7B005773E5 /* SnowView.m in Sources */,
			);
			runOnlyForDeploymentPostprocessing = 0;
		};
		105659BF1D38B7DC00535C35 /* Sources */ = {
			isa = PBXSourcesBuildPhase;
			buildActionMask = 2147483647;
			files = (
				105659DC1D38B82600535C35 /* ViewController.m in Sources */,
				105659C71D38B7DC00535C35 /* main.m in Sources */,
				105659EC1D38B89800535C35 /* UIView+Extension.m in Sources */,
				105659DF1D38B88C00535C35 /* AppDelegate.m in Sources */,
			);
			runOnlyForDeploymentPostprocessing = 0;
		};
		1065EF9B1D3CB02C008FA045 /* Sources */ = {
			isa = PBXSourcesBuildPhase;
			buildActionMask = 2147483647;
			files = (
				1065EFBD1D3CE721008FA045 /* UIView+Extension.m in Sources */,
				1065EFA91D3CB02C008FA045 /* ViewController.m in Sources */,
				1065EFB81D3CB286008FA045 /* AnimatedMaskLabel.m in Sources */,
				1065EFA61D3CB02C008FA045 /* AppDelegate.m in Sources */,
				1065EFA31D3CB02C008FA045 /* main.m in Sources */,
			);
			runOnlyForDeploymentPostprocessing = 0;
		};
		1065EFBE1D3CF663008FA045 /* Sources */ = {
			isa = PBXSourcesBuildPhase;
			buildActionMask = 2147483647;
			files = (
				10EB30431D3E21C80006B89B /* VacationTableViewController.m in Sources */,
				1065EFDB1D3CF68E008FA045 /* AppDelegate.m in Sources */,
				10EB30501D3E388A0006B89B /* RefreshView.m in Sources */,
				1065EFC61D3CF663008FA045 /* main.m in Sources */,
			);
			runOnlyForDeploymentPostprocessing = 0;
		};
		10EB30531D406BA40006B89B /* Sources */ = {
			isa = PBXSourcesBuildPhase;
			buildActionMask = 2147483647;
			files = (
				3C49B15B1D44BAED00F5FB58 /* DetailViewController.m in Sources */,
				10EB305E1D406BA40006B89B /* AppDelegate.m in Sources */,
				106B73F51D45A06A00746FD3 /* HamburgerView.m in Sources */,
				10EB30701D406C450006B89B /* ContainerViewController.m in Sources */,
				3C49B1641D44C6A000F5FB58 /* UIColor+Extension.m in Sources */,
				10EB305B1D406BA40006B89B /* main.m in Sources */,
				3C49B1581D44B9BC00F5FB58 /* MenuViewController.m in Sources */,
				3C49B1611D44C3FE00F5FB58 /* MenuItemCell.m in Sources */,
			);
			runOnlyForDeploymentPostprocessing = 0;
		};
		3CD8F53D1D3A297700DCBEA7 /* Sources */ = {
			isa = PBXSourcesBuildPhase;
			buildActionMask = 2147483647;
			files = (
				3CD8F54B1D3A297700DCBEA7 /* ViewController.m in Sources */,
				3CD8F55A1D3A644D00DCBEA7 /* AvatarView.m in Sources */,
				3CD8F5481D3A297700DCBEA7 /* AppDelegate.m in Sources */,
				3CD8F5451D3A297700DCBEA7 /* main.m in Sources */,
			);
			runOnlyForDeploymentPostprocessing = 0;
		};
/* End PBXSourcesBuildPhase section */

/* Begin PBXVariantGroup section */
		101B52751D2CB4620078B950 /* Main.storyboard */ = {
			isa = PBXVariantGroup;
			children = (
				101B52761D2CB4620078B950 /* Base */,
			);
			name = Main.storyboard;
			sourceTree = "<group>";
		};
		101B527A1D2CB4620078B950 /* LaunchScreen.storyboard */ = {
			isa = PBXVariantGroup;
			children = (
				101B527B1D2CB4620078B950 /* Base */,
			);
			name = LaunchScreen.storyboard;
			sourceTree = "<group>";
		};
		102DF34C1D3729C200C545D7 /* Main.storyboard */ = {
			isa = PBXVariantGroup;
			children = (
				102DF34D1D3729C200C545D7 /* Base */,
			);
			name = Main.storyboard;
			sourceTree = "<group>";
		};
		102DF3511D3729C200C545D7 /* LaunchScreen.storyboard */ = {
			isa = PBXVariantGroup;
			children = (
				102DF3521D3729C200C545D7 /* Base */,
			);
			name = LaunchScreen.storyboard;
			sourceTree = "<group>";
		};
		102DF36C1D37B2C400C545D7 /* Main.storyboard */ = {
			isa = PBXVariantGroup;
			children = (
				102DF36D1D37B2C400C545D7 /* Base */,
			);
			name = Main.storyboard;
			sourceTree = "<group>";
		};
		102DF3711D37B2C400C545D7 /* LaunchScreen.storyboard */ = {
			isa = PBXVariantGroup;
			children = (
				102DF3721D37B2C400C545D7 /* Base */,
			);
			name = LaunchScreen.storyboard;
			sourceTree = "<group>";
		};
		103168121D484EC900F4DF33 /* Main.storyboard */ = {
			isa = PBXVariantGroup;
			children = (
				103168131D484EC900F4DF33 /* Base */,
			);
			name = Main.storyboard;
			sourceTree = "<group>";
		};
		103168171D484EC900F4DF33 /* LaunchScreen.storyboard */ = {
			isa = PBXVariantGroup;
			children = (
				103168181D484EC900F4DF33 /* Base */,
			);
			name = LaunchScreen.storyboard;
			sourceTree = "<group>";
		};
		104622C51D351A9F005773E5 /* Main.storyboard */ = {
			isa = PBXVariantGroup;
			children = (
				104622C61D351A9F005773E5 /* Base */,
			);
			name = Main.storyboard;
			sourceTree = "<group>";
		};
		104622CA1D351A9F005773E5 /* LaunchScreen.storyboard */ = {
			isa = PBXVariantGroup;
			children = (
				104622CB1D351A9F005773E5 /* Base */,
			);
			name = LaunchScreen.storyboard;
			sourceTree = "<group>";
		};
		105659E21D38B89800535C35 /* LaunchScreen.storyboard */ = {
			isa = PBXVariantGroup;
			children = (
				105659E31D38B89800535C35 /* Base */,
			);
			name = LaunchScreen.storyboard;
			sourceTree = "<group>";
		};
		105659E41D38B89800535C35 /* Main.storyboard */ = {
			isa = PBXVariantGroup;
			children = (
				105659E51D38B89800535C35 /* Base */,
			);
			name = Main.storyboard;
			sourceTree = "<group>";
		};
		1065EFAA1D3CB02C008FA045 /* Main.storyboard */ = {
			isa = PBXVariantGroup;
			children = (
				1065EFAB1D3CB02C008FA045 /* Base */,
			);
			name = Main.storyboard;
			sourceTree = "<group>";
		};
		1065EFAF1D3CB02C008FA045 /* LaunchScreen.storyboard */ = {
			isa = PBXVariantGroup;
			children = (
				1065EFB01D3CB02C008FA045 /* Base */,
			);
			name = LaunchScreen.storyboard;
			sourceTree = "<group>";
		};
		1065EFD21D3CF663008FA045 /* LaunchScreen.storyboard */ = {
			isa = PBXVariantGroup;
			children = (
				1065EFD31D3CF663008FA045 /* Base */,
			);
			name = LaunchScreen.storyboard;
			sourceTree = "<group>";
		};
		10EB30621D406BA50006B89B /* Main.storyboard */ = {
			isa = PBXVariantGroup;
			children = (
				10EB30631D406BA50006B89B /* Base */,
			);
			name = Main.storyboard;
			sourceTree = "<group>";
		};
		10EB30671D406BA50006B89B /* LaunchScreen.storyboard */ = {
			isa = PBXVariantGroup;
			children = (
				10EB30681D406BA50006B89B /* Base */,
			);
			name = LaunchScreen.storyboard;
			sourceTree = "<group>";
		};
		3CD8F54C1D3A297700DCBEA7 /* Main.storyboard */ = {
			isa = PBXVariantGroup;
			children = (
				3CD8F54D1D3A297700DCBEA7 /* Base */,
			);
			name = Main.storyboard;
			sourceTree = "<group>";
		};
		3CD8F5511D3A297700DCBEA7 /* LaunchScreen.storyboard */ = {
			isa = PBXVariantGroup;
			children = (
				3CD8F5521D3A297700DCBEA7 /* Base */,
			);
			name = LaunchScreen.storyboard;
			sourceTree = "<group>";
		};
/* End PBXVariantGroup section */

/* Begin XCBuildConfiguration section */
		101B527E1D2CB4620078B950 /* Debug */ = {
			isa = XCBuildConfiguration;
			buildSettings = {
				ALWAYS_SEARCH_USER_PATHS = NO;
				CLANG_ANALYZER_NONNULL = YES;
				CLANG_CXX_LANGUAGE_STANDARD = "gnu++0x";
				CLANG_CXX_LIBRARY = "libc++";
				CLANG_ENABLE_MODULES = YES;
				CLANG_ENABLE_OBJC_ARC = YES;
				CLANG_WARN_BOOL_CONVERSION = YES;
				CLANG_WARN_CONSTANT_CONVERSION = YES;
				CLANG_WARN_DIRECT_OBJC_ISA_USAGE = YES_ERROR;
				CLANG_WARN_EMPTY_BODY = YES;
				CLANG_WARN_ENUM_CONVERSION = YES;
				CLANG_WARN_INT_CONVERSION = YES;
				CLANG_WARN_OBJC_ROOT_CLASS = YES_ERROR;
				CLANG_WARN_UNREACHABLE_CODE = YES;
				CLANG_WARN__DUPLICATE_METHOD_MATCH = YES;
				"CODE_SIGN_IDENTITY[sdk=iphoneos*]" = "iPhone Developer";
				COPY_PHASE_STRIP = NO;
				DEBUG_INFORMATION_FORMAT = dwarf;
				ENABLE_STRICT_OBJC_MSGSEND = YES;
				ENABLE_TESTABILITY = YES;
				GCC_C_LANGUAGE_STANDARD = gnu99;
				GCC_DYNAMIC_NO_PIC = NO;
				GCC_NO_COMMON_BLOCKS = YES;
				GCC_OPTIMIZATION_LEVEL = 0;
				GCC_PREPROCESSOR_DEFINITIONS = (
					"DEBUG=1",
					"$(inherited)",
				);
				GCC_WARN_64_TO_32_BIT_CONVERSION = YES;
				GCC_WARN_ABOUT_RETURN_TYPE = YES_ERROR;
				GCC_WARN_UNDECLARED_SELECTOR = YES;
				GCC_WARN_UNINITIALIZED_AUTOS = YES_AGGRESSIVE;
				GCC_WARN_UNUSED_FUNCTION = YES;
				GCC_WARN_UNUSED_VARIABLE = YES;
				IPHONEOS_DEPLOYMENT_TARGET = 9.3;
				MTL_ENABLE_DEBUG_INFO = YES;
				ONLY_ACTIVE_ARCH = YES;
				SDKROOT = iphoneos;
			};
			name = Debug;
		};
		101B527F1D2CB4620078B950 /* Release */ = {
			isa = XCBuildConfiguration;
			buildSettings = {
				ALWAYS_SEARCH_USER_PATHS = NO;
				CLANG_ANALYZER_NONNULL = YES;
				CLANG_CXX_LANGUAGE_STANDARD = "gnu++0x";
				CLANG_CXX_LIBRARY = "libc++";
				CLANG_ENABLE_MODULES = YES;
				CLANG_ENABLE_OBJC_ARC = YES;
				CLANG_WARN_BOOL_CONVERSION = YES;
				CLANG_WARN_CONSTANT_CONVERSION = YES;
				CLANG_WARN_DIRECT_OBJC_ISA_USAGE = YES_ERROR;
				CLANG_WARN_EMPTY_BODY = YES;
				CLANG_WARN_ENUM_CONVERSION = YES;
				CLANG_WARN_INT_CONVERSION = YES;
				CLANG_WARN_OBJC_ROOT_CLASS = YES_ERROR;
				CLANG_WARN_UNREACHABLE_CODE = YES;
				CLANG_WARN__DUPLICATE_METHOD_MATCH = YES;
				"CODE_SIGN_IDENTITY[sdk=iphoneos*]" = "iPhone Developer";
				COPY_PHASE_STRIP = NO;
				DEBUG_INFORMATION_FORMAT = "dwarf-with-dsym";
				ENABLE_NS_ASSERTIONS = NO;
				ENABLE_STRICT_OBJC_MSGSEND = YES;
				GCC_C_LANGUAGE_STANDARD = gnu99;
				GCC_NO_COMMON_BLOCKS = YES;
				GCC_WARN_64_TO_32_BIT_CONVERSION = YES;
				GCC_WARN_ABOUT_RETURN_TYPE = YES_ERROR;
				GCC_WARN_UNDECLARED_SELECTOR = YES;
				GCC_WARN_UNINITIALIZED_AUTOS = YES_AGGRESSIVE;
				GCC_WARN_UNUSED_FUNCTION = YES;
				GCC_WARN_UNUSED_VARIABLE = YES;
				IPHONEOS_DEPLOYMENT_TARGET = 9.3;
				MTL_ENABLE_DEBUG_INFO = NO;
				SDKROOT = iphoneos;
				VALIDATE_PRODUCT = YES;
			};
			name = Release;
		};
		101B52811D2CB4620078B950 /* Debug */ = {
			isa = XCBuildConfiguration;
			buildSettings = {
				ASSETCATALOG_COMPILER_APPICON_NAME = AppIcon;
				INFOPLIST_FILE = bahama/Info.plist;
				LD_RUNPATH_SEARCH_PATHS = "$(inherited) @executable_path/Frameworks";
				PRODUCT_BUNDLE_IDENTIFIER = com.demo.bahama;
				PRODUCT_NAME = "$(TARGET_NAME)";
			};
			name = Debug;
		};
		101B52821D2CB4620078B950 /* Release */ = {
			isa = XCBuildConfiguration;
			buildSettings = {
				ASSETCATALOG_COMPILER_APPICON_NAME = AppIcon;
				INFOPLIST_FILE = bahama/Info.plist;
				LD_RUNPATH_SEARCH_PATHS = "$(inherited) @executable_path/Frameworks";
				PRODUCT_BUNDLE_IDENTIFIER = com.demo.bahama;
				PRODUCT_NAME = "$(TARGET_NAME)";
			};
			name = Release;
		};
		102DF3561D3729C200C545D7 /* Debug */ = {
			isa = XCBuildConfiguration;
			buildSettings = {
				ASSETCATALOG_COMPILER_APPICON_NAME = AppIcon;
				CODE_SIGN_IDENTITY = "iPhone Developer";
				"CODE_SIGN_IDENTITY[sdk=iphoneos*]" = "iPhone Developer";
				INFOPLIST_FILE = Chapter_6_PackingList/Info.plist;
				LD_RUNPATH_SEARCH_PATHS = "$(inherited) @executable_path/Frameworks";
				PRODUCT_BUNDLE_IDENTIFIER = "com.demo.Chapter-6-PackingList";
				PRODUCT_NAME = "$(TARGET_NAME)";
				PROVISIONING_PROFILE = "";
			};
			name = Debug;
		};
		102DF3571D3729C200C545D7 /* Release */ = {
			isa = XCBuildConfiguration;
			buildSettings = {
				ASSETCATALOG_COMPILER_APPICON_NAME = AppIcon;
				CODE_SIGN_IDENTITY = "iPhone Developer";
				"CODE_SIGN_IDENTITY[sdk=iphoneos*]" = "iPhone Developer";
				INFOPLIST_FILE = Chapter_6_PackingList/Info.plist;
				LD_RUNPATH_SEARCH_PATHS = "$(inherited) @executable_path/Frameworks";
				PRODUCT_BUNDLE_IDENTIFIER = "com.demo.Chapter-6-PackingList";
				PRODUCT_NAME = "$(TARGET_NAME)";
				PROVISIONING_PROFILE = "";
			};
			name = Release;
		};
		102DF3761D37B2C400C545D7 /* Debug */ = {
			isa = XCBuildConfiguration;
			buildSettings = {
				ASSETCATALOG_COMPILER_APPICON_NAME = AppIcon;
				INFOPLIST_FILE = Chapter8_Layer/Info.plist;
				LD_RUNPATH_SEARCH_PATHS = "$(inherited) @executable_path/Frameworks";
				PRODUCT_BUNDLE_IDENTIFIER = "com.demo.Chapter8-Layer";
				PRODUCT_NAME = "$(TARGET_NAME)";
			};
			name = Debug;
		};
		102DF3771D37B2C400C545D7 /* Release */ = {
			isa = XCBuildConfiguration;
			buildSettings = {
				ASSETCATALOG_COMPILER_APPICON_NAME = AppIcon;
				INFOPLIST_FILE = Chapter8_Layer/Info.plist;
				LD_RUNPATH_SEARCH_PATHS = "$(inherited) @executable_path/Frameworks";
				PRODUCT_BUNDLE_IDENTIFIER = "com.demo.Chapter8-Layer";
				PRODUCT_NAME = "$(TARGET_NAME)";
			};
			name = Release;
		};
		1031681C1D484EC900F4DF33 /* Debug */ = {
			isa = XCBuildConfiguration;
			buildSettings = {
				ASSETCATALOG_COMPILER_APPICON_NAME = AppIcon;
				INFOPLIST_FILE = Chapter_16_Inter3D_Animations/Info.plist;
				LD_RUNPATH_SEARCH_PATHS = "$(inherited) @executable_path/Frameworks";
				PRODUCT_BUNDLE_IDENTIFIER = "com.demo.Chapter-16-Inter3D-Animations";
				PRODUCT_NAME = "$(TARGET_NAME)";
			};
			name = Debug;
		};
		1031681D1D484EC900F4DF33 /* Release */ = {
			isa = XCBuildConfiguration;
			buildSettings = {
				ASSETCATALOG_COMPILER_APPICON_NAME = AppIcon;
				INFOPLIST_FILE = Chapter_16_Inter3D_Animations/Info.plist;
				LD_RUNPATH_SEARCH_PATHS = "$(inherited) @executable_path/Frameworks";
				PRODUCT_BUNDLE_IDENTIFIER = "com.demo.Chapter-16-Inter3D-Animations";
				PRODUCT_NAME = "$(TARGET_NAME)";
			};
			name = Release;
		};
		104622CE1D351A9F005773E5 /* Debug */ = {
			isa = XCBuildConfiguration;
			buildSettings = {
				ASSETCATALOG_COMPILER_APPICON_NAME = AppIcon;
				INFOPLIST_FILE = Chapter4_AnimPractice/Info.plist;
				LD_RUNPATH_SEARCH_PATHS = "$(inherited) @executable_path/Frameworks";
				PRODUCT_BUNDLE_IDENTIFIER = "com.demo.Chapter4-AnimPractice";
				PRODUCT_NAME = "$(TARGET_NAME)";
			};
			name = Debug;
		};
		104622CF1D351A9F005773E5 /* Release */ = {
			isa = XCBuildConfiguration;
			buildSettings = {
				ASSETCATALOG_COMPILER_APPICON_NAME = AppIcon;
				INFOPLIST_FILE = Chapter4_AnimPractice/Info.plist;
				LD_RUNPATH_SEARCH_PATHS = "$(inherited) @executable_path/Frameworks";
				PRODUCT_BUNDLE_IDENTIFIER = "com.demo.Chapter4-AnimPractice";
				PRODUCT_NAME = "$(TARGET_NAME)";
			};
			name = Release;
		};
		105659D71D38B7DC00535C35 /* Debug */ = {
			isa = XCBuildConfiguration;
			buildSettings = {
				ASSETCATALOG_COMPILER_APPICON_NAME = AppIcon;
				INFOPLIST_FILE = Chapter_1_3_Bahama/Info.plist;
				LD_RUNPATH_SEARCH_PATHS = "$(inherited) @executable_path/Frameworks";
				PRODUCT_BUNDLE_IDENTIFIER = "com.demo.Chapter-1-3-Bahama";
				PRODUCT_NAME = "$(TARGET_NAME)";
			};
			name = Debug;
		};
		105659D81D38B7DC00535C35 /* Release */ = {
			isa = XCBuildConfiguration;
			buildSettings = {
				ASSETCATALOG_COMPILER_APPICON_NAME = AppIcon;
				INFOPLIST_FILE = Chapter_1_3_Bahama/Info.plist;
				LD_RUNPATH_SEARCH_PATHS = "$(inherited) @executable_path/Frameworks";
				PRODUCT_BUNDLE_IDENTIFIER = "com.demo.Chapter-1-3-Bahama";
				PRODUCT_NAME = "$(TARGET_NAME)";
			};
			name = Release;
		};
		1065EFB31D3CB02C008FA045 /* Debug */ = {
			isa = XCBuildConfiguration;
			buildSettings = {
				ASSETCATALOG_COMPILER_APPICON_NAME = AppIcon;
				INFOPLIST_FILE = Chapter_13_SlideToReveal/Info.plist;
				LD_RUNPATH_SEARCH_PATHS = "$(inherited) @executable_path/Frameworks";
				PRODUCT_BUNDLE_IDENTIFIER = "com.demo.Chapter-13-SlideToReveal";
				PRODUCT_NAME = "$(TARGET_NAME)";
			};
			name = Debug;
		};
		1065EFB41D3CB02C008FA045 /* Release */ = {
			isa = XCBuildConfiguration;
			buildSettings = {
				ASSETCATALOG_COMPILER_APPICON_NAME = AppIcon;
				INFOPLIST_FILE = Chapter_13_SlideToReveal/Info.plist;
				LD_RUNPATH_SEARCH_PATHS = "$(inherited) @executable_path/Frameworks";
				PRODUCT_BUNDLE_IDENTIFIER = "com.demo.Chapter-13-SlideToReveal";
				PRODUCT_NAME = "$(TARGET_NAME)";
			};
			name = Release;
		};
		1065EFD71D3CF663008FA045 /* Debug */ = {
			isa = XCBuildConfiguration;
			buildSettings = {
				ASSETCATALOG_COMPILER_APPICON_NAME = AppIcon;
				CODE_SIGN_IDENTITY = "iPhone Developer";
				"CODE_SIGN_IDENTITY[sdk=iphoneos*]" = "iPhone Developer";
				INFOPLIST_FILE = Chapter_14_StrokeAndPath/Info.plist;
				LD_RUNPATH_SEARCH_PATHS = "$(inherited) @executable_path/Frameworks";
				PRODUCT_BUNDLE_IDENTIFIER = "com.demo.Chapter-14-StrokeAndPath";
				PRODUCT_NAME = "$(TARGET_NAME)";
				PROVISIONING_PROFILE = "";
			};
			name = Debug;
		};
		1065EFD81D3CF663008FA045 /* Release */ = {
			isa = XCBuildConfiguration;
			buildSettings = {
				ASSETCATALOG_COMPILER_APPICON_NAME = AppIcon;
				CODE_SIGN_IDENTITY = "iPhone Developer";
				"CODE_SIGN_IDENTITY[sdk=iphoneos*]" = "iPhone Developer";
				INFOPLIST_FILE = Chapter_14_StrokeAndPath/Info.plist;
				LD_RUNPATH_SEARCH_PATHS = "$(inherited) @executable_path/Frameworks";
				PRODUCT_BUNDLE_IDENTIFIER = "com.demo.Chapter-14-StrokeAndPath";
				PRODUCT_NAME = "$(TARGET_NAME)";
				PROVISIONING_PROFILE = "";
			};
			name = Release;
		};
		10EB306C1D406BA50006B89B /* Debug */ = {
			isa = XCBuildConfiguration;
			buildSettings = {
				ASSETCATALOG_COMPILER_APPICON_NAME = AppIcon;
				INFOPLIST_FILE = "Chapter_15_Simple 3D Animations/Info.plist";
				LD_RUNPATH_SEARCH_PATHS = "$(inherited) @executable_path/Frameworks";
				PRODUCT_BUNDLE_IDENTIFIER = "com.demo.Chapter-15-Simple-3D-Animations";
				PRODUCT_NAME = "$(TARGET_NAME)";
			};
			name = Debug;
		};
		10EB306D1D406BA50006B89B /* Release */ = {
			isa = XCBuildConfiguration;
			buildSettings = {
				ASSETCATALOG_COMPILER_APPICON_NAME = AppIcon;
				INFOPLIST_FILE = "Chapter_15_Simple 3D Animations/Info.plist";
				LD_RUNPATH_SEARCH_PATHS = "$(inherited) @executable_path/Frameworks";
				PRODUCT_BUNDLE_IDENTIFIER = "com.demo.Chapter-15-Simple-3D-Animations";
				PRODUCT_NAME = "$(TARGET_NAME)";
			};
			name = Release;
		};
		3CD8F5561D3A297700DCBEA7 /* Debug */ = {
			isa = XCBuildConfiguration;
			buildSettings = {
				ASSETCATALOG_COMPILER_APPICON_NAME = AppIcon;
				INFOPLIST_FILE = Chapter_12_MultiPlayerSearch/Info.plist;
				LD_RUNPATH_SEARCH_PATHS = "$(inherited) @executable_path/Frameworks";
				PRODUCT_BUNDLE_IDENTIFIER = "com.demo.Chapter-12-MultiPlayerSearch";
				PRODUCT_NAME = "$(TARGET_NAME)";
			};
			name = Debug;
		};
		3CD8F5571D3A297700DCBEA7 /* Release */ = {
			isa = XCBuildConfiguration;
			buildSettings = {
				ASSETCATALOG_COMPILER_APPICON_NAME = AppIcon;
				INFOPLIST_FILE = Chapter_12_MultiPlayerSearch/Info.plist;
				LD_RUNPATH_SEARCH_PATHS = "$(inherited) @executable_path/Frameworks";
				PRODUCT_BUNDLE_IDENTIFIER = "com.demo.Chapter-12-MultiPlayerSearch";
				PRODUCT_NAME = "$(TARGET_NAME)";
			};
			name = Release;
		};
/* End XCBuildConfiguration section */

/* Begin XCConfigurationList section */
		101B52641D2CB4620078B950 /* Build configuration list for PBXProject "iOS_Animations_by_Tutorials_ObjC" */ = {
			isa = XCConfigurationList;
			buildConfigurations = (
				101B527E1D2CB4620078B950 /* Debug */,
				101B527F1D2CB4620078B950 /* Release */,
			);
			defaultConfigurationIsVisible = 0;
			defaultConfigurationName = Release;
		};
		101B52801D2CB4620078B950 /* Build configuration list for PBXNativeTarget "bahama" */ = {
			isa = XCConfigurationList;
			buildConfigurations = (
				101B52811D2CB4620078B950 /* Debug */,
				101B52821D2CB4620078B950 /* Release */,
			);
			defaultConfigurationIsVisible = 0;
			defaultConfigurationName = Release;
		};
		102DF3551D3729C200C545D7 /* Build configuration list for PBXNativeTarget "Chapter_6_PackingList" */ = {
			isa = XCConfigurationList;
			buildConfigurations = (
				102DF3561D3729C200C545D7 /* Debug */,
				102DF3571D3729C200C545D7 /* Release */,
			);
			defaultConfigurationIsVisible = 0;
			defaultConfigurationName = Release;
		};
		102DF3751D37B2C400C545D7 /* Build configuration list for PBXNativeTarget "Chapter8_Layer" */ = {
			isa = XCConfigurationList;
			buildConfigurations = (
				102DF3761D37B2C400C545D7 /* Debug */,
				102DF3771D37B2C400C545D7 /* Release */,
			);
			defaultConfigurationIsVisible = 0;
			defaultConfigurationName = Release;
		};
		1031681B1D484EC900F4DF33 /* Build configuration list for PBXNativeTarget "Chapter_16_Inter3D_Animations" */ = {
			isa = XCConfigurationList;
			buildConfigurations = (
				1031681C1D484EC900F4DF33 /* Debug */,
				1031681D1D484EC900F4DF33 /* Release */,
			);
			defaultConfigurationIsVisible = 0;
		};
		104622D01D351A9F005773E5 /* Build configuration list for PBXNativeTarget "Chapter4_AnimPractice" */ = {
			isa = XCConfigurationList;
			buildConfigurations = (
				104622CE1D351A9F005773E5 /* Debug */,
				104622CF1D351A9F005773E5 /* Release */,
			);
			defaultConfigurationIsVisible = 0;
			defaultConfigurationName = Release;
		};
		105659D91D38B7DC00535C35 /* Build configuration list for PBXNativeTarget "Chapter_1_3_Bahama" */ = {
			isa = XCConfigurationList;
			buildConfigurations = (
				105659D71D38B7DC00535C35 /* Debug */,
				105659D81D38B7DC00535C35 /* Release */,
			);
			defaultConfigurationIsVisible = 0;
			defaultConfigurationName = Release;
		};
		1065EFB51D3CB02C008FA045 /* Build configuration list for PBXNativeTarget "Chapter_13_SlideToReveal" */ = {
			isa = XCConfigurationList;
			buildConfigurations = (
				1065EFB31D3CB02C008FA045 /* Debug */,
				1065EFB41D3CB02C008FA045 /* Release */,
			);
			defaultConfigurationIsVisible = 0;
			defaultConfigurationName = Release;
		};
		1065EFD61D3CF663008FA045 /* Build configuration list for PBXNativeTarget "Chapter_14_StrokeAndPath" */ = {
			isa = XCConfigurationList;
			buildConfigurations = (
				1065EFD71D3CF663008FA045 /* Debug */,
				1065EFD81D3CF663008FA045 /* Release */,
			);
			defaultConfigurationIsVisible = 0;
			defaultConfigurationName = Release;
		};
		10EB306B1D406BA50006B89B /* Build configuration list for PBXNativeTarget "Chapter_15_Simple 3D Animations" */ = {
			isa = XCConfigurationList;
			buildConfigurations = (
				10EB306C1D406BA50006B89B /* Debug */,
				10EB306D1D406BA50006B89B /* Release */,
			);
			defaultConfigurationIsVisible = 0;
			defaultConfigurationName = Release;
		};
		3CD8F5551D3A297700DCBEA7 /* Build configuration list for PBXNativeTarget "Chapter_12_MultiPlayerSearch" */ = {
			isa = XCConfigurationList;
			buildConfigurations = (
				3CD8F5561D3A297700DCBEA7 /* Debug */,
				3CD8F5571D3A297700DCBEA7 /* Release */,
			);
			defaultConfigurationIsVisible = 0;
			defaultConfigurationName = Release;
		};
/* End XCConfigurationList section */
	};
	rootObject = 101B52611D2CB4620078B950 /* Project object */;
}
